
Microsoft Visual Studio Solution File, Format Version 12.00
# Visual Studio 2013
VisualStudioVersion = 12.0.31101.0
MinimumVisualStudioVersion = 10.0.40219.1
Project("{FAE04EC0-301F-11D3-BF4B-00C04F79EFBC}") = "DataGrid", "DataGrid\DataGrid.csproj", "{136A26E9-4EB9-4399-9379-E06AD94B537B}"
EndProject
Project("{FAE04EC0-301F-11D3-BF4B-00C04F79EFBC}") = "demo.iOS", "demo.iOS\demo.iOS.csproj", "{18F9C79D-0FB4-4A60-86FC-71699D4C5BC5}"
EndProject
Project("{FAE04EC0-301F-11D3-BF4B-00C04F79EFBC}") = "demo.Android", "demo.Android\demo.Android.csproj", "{A5399A7D-2E8F-4976-96B4-AC58472D92D4}"
EndProject
Project("{FAE04EC0-301F-11D3-BF4B-00C04F79EFBC}") = "demo", "demo\demo.csproj", "{EC178D31-250A-4528-9D64-43567BFCD3D6}"
EndProject
Project("{FAE04EC0-301F-11D3-BF4B-00C04F79EFBC}") = "DataGrid.iOS", "DataGrid.iOS\DataGrid.iOS.csproj", "{54100CBB-5172-49F8-A2DB-6DA2AFDDB73F}"
EndProject
Project("{FAE04EC0-301F-11D3-BF4B-00C04F79EFBC}") = "DataGrid.Android", "DataGrid.Android\DataGrid.Android.csproj", "{B7896132-F0D8-4D8C-8540-69521C3A8D77}"
EndProject
Project("{FAE04EC0-301F-11D3-BF4B-00C04F79EFBC}") = "DataGrid.WinPhone", "DataGrid.WinPhone\DataGrid.WinPhone.csproj", "{DC2005BE-9E6D-426A-B914-FD6AEB0DCAE3}"
EndProject
Project("{FAE04EC0-301F-11D3-BF4B-00C04F79EFBC}") = "demo.WinPhone", "demo.WinPhone\demo.WinPhone.csproj", "{84C1AFAC-11A0-421C-BF99-03E0060FF334}"
EndProject
Project("{FAE04EC0-301F-11D3-BF4B-00C04F79EFBC}") = "DataGrid.Unified", "DataGrid.Unified\DataGrid.Unified.csproj", "{4474E753-0AC7-4616-8AC9-833B8EB53657}"
EndProject
Project("{FAE04EC0-301F-11D3-BF4B-00C04F79EFBC}") = "DataGrid.Windows", "DataGrid.Windows\DataGrid.Windows.csproj", "{40538FC4-949F-4EAC-B044-82E4B3C453CA}"
EndProject
Project("{FAE04EC0-301F-11D3-BF4B-00C04F79EFBC}") = "demo.Windows", "demo.Windows\demo.Windows.csproj", "{63BE7DBF-7D21-4C58-9CC5-DDE4AAA5190F}"
EndProject
Project("{FAE04EC0-301F-11D3-BF4B-00C04F79EFBC}") = "DataGrid.WinPhone81", "DataGrid.WinPhone81\DataGrid.WinPhone81.csproj", "{CAB9F4C9-6458-404D-AA32-523FDA3EB2C8}"
EndProject
Project("{FAE04EC0-301F-11D3-BF4B-00C04F79EFBC}") = "demo.WinPhone81", "demo.WinPhone81\demo.WinPhone81.csproj", "{721AE0A3-19CA-4951-B531-93BA30377422}"
EndProject
Global
	GlobalSection(SolutionConfigurationPlatforms) = preSolution
		Ad-Hoc|Any CPU = Ad-Hoc|Any CPU
		Ad-Hoc|ARM = Ad-Hoc|ARM
		Ad-Hoc|iPhone = Ad-Hoc|iPhone
		Ad-Hoc|iPhoneSimulator = Ad-Hoc|iPhoneSimulator
		Ad-Hoc|Mixed Platforms = Ad-Hoc|Mixed Platforms
		Ad-Hoc|x64 = Ad-Hoc|x64
		Ad-Hoc|x86 = Ad-Hoc|x86
		AppStore|Any CPU = AppStore|Any CPU
		AppStore|ARM = AppStore|ARM
		AppStore|iPhone = AppStore|iPhone
		AppStore|iPhoneSimulator = AppStore|iPhoneSimulator
		AppStore|Mixed Platforms = AppStore|Mixed Platforms
		AppStore|x64 = AppStore|x64
		AppStore|x86 = AppStore|x86
		Debug|Any CPU = Debug|Any CPU
		Debug|ARM = Debug|ARM
		Debug|iPhone = Debug|iPhone
		Debug|iPhoneSimulator = Debug|iPhoneSimulator
		Debug|Mixed Platforms = Debug|Mixed Platforms
		Debug|x64 = Debug|x64
		Debug|x86 = Debug|x86
		Release|Any CPU = Release|Any CPU
		Release|ARM = Release|ARM
		Release|iPhone = Release|iPhone
		Release|iPhoneSimulator = Release|iPhoneSimulator
		Release|Mixed Platforms = Release|Mixed Platforms
		Release|x64 = Release|x64
		Release|x86 = Release|x86
	EndGlobalSection
	GlobalSection(ProjectConfigurationPlatforms) = postSolution
		{136A26E9-4EB9-4399-9379-E06AD94B537B}.Ad-Hoc|Any CPU.ActiveCfg = Release|Any CPU
		{136A26E9-4EB9-4399-9379-E06AD94B537B}.Ad-Hoc|ARM.ActiveCfg = Debug|Any CPU
		{136A26E9-4EB9-4399-9379-E06AD94B537B}.Ad-Hoc|iPhone.ActiveCfg = Debug|Any CPU
		{136A26E9-4EB9-4399-9379-E06AD94B537B}.Ad-Hoc|iPhone.Build.0 = Debug|Any CPU
		{136A26E9-4EB9-4399-9379-E06AD94B537B}.Ad-Hoc|iPhoneSimulator.ActiveCfg = Release|Any CPU
		{136A26E9-4EB9-4399-9379-E06AD94B537B}.Ad-Hoc|Mixed Platforms.ActiveCfg = Debug|Any CPU
		{136A26E9-4EB9-4399-9379-E06AD94B537B}.Ad-Hoc|Mixed Platforms.Build.0 = Debug|Any CPU
		{136A26E9-4EB9-4399-9379-E06AD94B537B}.Ad-Hoc|x64.ActiveCfg = Debug|Any CPU
		{136A26E9-4EB9-4399-9379-E06AD94B537B}.Ad-Hoc|x86.ActiveCfg = Debug|Any CPU
		{136A26E9-4EB9-4399-9379-E06AD94B537B}.AppStore|Any CPU.ActiveCfg = Release|Any CPU
		{136A26E9-4EB9-4399-9379-E06AD94B537B}.AppStore|ARM.ActiveCfg = Debug|Any CPU
		{136A26E9-4EB9-4399-9379-E06AD94B537B}.AppStore|iPhone.ActiveCfg = Debug|Any CPU
		{136A26E9-4EB9-4399-9379-E06AD94B537B}.AppStore|iPhone.Build.0 = Debug|Any CPU
		{136A26E9-4EB9-4399-9379-E06AD94B537B}.AppStore|iPhoneSimulator.ActiveCfg = Release|Any CPU
		{136A26E9-4EB9-4399-9379-E06AD94B537B}.AppStore|Mixed Platforms.ActiveCfg = Debug|Any CPU
		{136A26E9-4EB9-4399-9379-E06AD94B537B}.AppStore|Mixed Platforms.Build.0 = Debug|Any CPU
		{136A26E9-4EB9-4399-9379-E06AD94B537B}.AppStore|x64.ActiveCfg = Debug|Any CPU
		{136A26E9-4EB9-4399-9379-E06AD94B537B}.AppStore|x86.ActiveCfg = Debug|Any CPU
		{136A26E9-4EB9-4399-9379-E06AD94B537B}.Debug|Any CPU.ActiveCfg = Debug|Any CPU
		{136A26E9-4EB9-4399-9379-E06AD94B537B}.Debug|Any CPU.Build.0 = Debug|Any CPU
		{136A26E9-4EB9-4399-9379-E06AD94B537B}.Debug|ARM.ActiveCfg = Debug|Any CPU
		{136A26E9-4EB9-4399-9379-E06AD94B537B}.Debug|iPhone.ActiveCfg = Debug|Any CPU
		{136A26E9-4EB9-4399-9379-E06AD94B537B}.Debug|iPhone.Build.0 = Debug|Any CPU
		{136A26E9-4EB9-4399-9379-E06AD94B537B}.Debug|iPhoneSimulator.ActiveCfg = Debug|Any CPU
		{136A26E9-4EB9-4399-9379-E06AD94B537B}.Debug|iPhoneSimulator.Build.0 = Debug|Any CPU
		{136A26E9-4EB9-4399-9379-E06AD94B537B}.Debug|Mixed Platforms.ActiveCfg = Debug|Any CPU
		{136A26E9-4EB9-4399-9379-E06AD94B537B}.Debug|Mixed Platforms.Build.0 = Debug|Any CPU
		{136A26E9-4EB9-4399-9379-E06AD94B537B}.Debug|x64.ActiveCfg = Debug|Any CPU
		{136A26E9-4EB9-4399-9379-E06AD94B537B}.Debug|x86.ActiveCfg = Debug|Any CPU
		{136A26E9-4EB9-4399-9379-E06AD94B537B}.Release|Any CPU.ActiveCfg = Release|Any CPU
		{136A26E9-4EB9-4399-9379-E06AD94B537B}.Release|Any CPU.Build.0 = Release|Any CPU
		{136A26E9-4EB9-4399-9379-E06AD94B537B}.Release|ARM.ActiveCfg = Release|Any CPU
		{136A26E9-4EB9-4399-9379-E06AD94B537B}.Release|iPhone.ActiveCfg = Release|Any CPU
		{136A26E9-4EB9-4399-9379-E06AD94B537B}.Release|iPhone.Build.0 = Release|Any CPU
		{136A26E9-4EB9-4399-9379-E06AD94B537B}.Release|iPhoneSimulator.ActiveCfg = Release|Any CPU
		{136A26E9-4EB9-4399-9379-E06AD94B537B}.Release|iPhoneSimulator.Build.0 = Release|Any CPU
		{136A26E9-4EB9-4399-9379-E06AD94B537B}.Release|Mixed Platforms.ActiveCfg = Release|Any CPU
		{136A26E9-4EB9-4399-9379-E06AD94B537B}.Release|Mixed Platforms.Build.0 = Release|Any CPU
		{136A26E9-4EB9-4399-9379-E06AD94B537B}.Release|x64.ActiveCfg = Release|Any CPU
		{136A26E9-4EB9-4399-9379-E06AD94B537B}.Release|x86.ActiveCfg = Release|Any CPU
		{18F9C79D-0FB4-4A60-86FC-71699D4C5BC5}.Ad-Hoc|Any CPU.ActiveCfg = Ad-Hoc|iPhone
		{18F9C79D-0FB4-4A60-86FC-71699D4C5BC5}.Ad-Hoc|ARM.ActiveCfg = Ad-Hoc|iPhoneSimulator
		{18F9C79D-0FB4-4A60-86FC-71699D4C5BC5}.Ad-Hoc|iPhone.ActiveCfg = Ad-Hoc|iPhone
		{18F9C79D-0FB4-4A60-86FC-71699D4C5BC5}.Ad-Hoc|iPhone.Build.0 = Ad-Hoc|iPhone
		{18F9C79D-0FB4-4A60-86FC-71699D4C5BC5}.Ad-Hoc|iPhoneSimulator.ActiveCfg = Ad-Hoc|iPhone
		{18F9C79D-0FB4-4A60-86FC-71699D4C5BC5}.Ad-Hoc|Mixed Platforms.ActiveCfg = Ad-Hoc|iPhoneSimulator
		{18F9C79D-0FB4-4A60-86FC-71699D4C5BC5}.Ad-Hoc|Mixed Platforms.Build.0 = Ad-Hoc|iPhoneSimulator
		{18F9C79D-0FB4-4A60-86FC-71699D4C5BC5}.Ad-Hoc|x64.ActiveCfg = Ad-Hoc|iPhoneSimulator
		{18F9C79D-0FB4-4A60-86FC-71699D4C5BC5}.Ad-Hoc|x86.ActiveCfg = Ad-Hoc|iPhoneSimulator
		{18F9C79D-0FB4-4A60-86FC-71699D4C5BC5}.AppStore|Any CPU.ActiveCfg = AppStore|iPhone
		{18F9C79D-0FB4-4A60-86FC-71699D4C5BC5}.AppStore|ARM.ActiveCfg = AppStore|iPhoneSimulator
		{18F9C79D-0FB4-4A60-86FC-71699D4C5BC5}.AppStore|iPhone.ActiveCfg = AppStore|iPhone
		{18F9C79D-0FB4-4A60-86FC-71699D4C5BC5}.AppStore|iPhone.Build.0 = AppStore|iPhone
		{18F9C79D-0FB4-4A60-86FC-71699D4C5BC5}.AppStore|iPhoneSimulator.ActiveCfg = AppStore|iPhone
		{18F9C79D-0FB4-4A60-86FC-71699D4C5BC5}.AppStore|Mixed Platforms.ActiveCfg = AppStore|iPhoneSimulator
		{18F9C79D-0FB4-4A60-86FC-71699D4C5BC5}.AppStore|Mixed Platforms.Build.0 = AppStore|iPhoneSimulator
		{18F9C79D-0FB4-4A60-86FC-71699D4C5BC5}.AppStore|x64.ActiveCfg = AppStore|iPhoneSimulator
		{18F9C79D-0FB4-4A60-86FC-71699D4C5BC5}.AppStore|x86.ActiveCfg = AppStore|iPhoneSimulator
		{18F9C79D-0FB4-4A60-86FC-71699D4C5BC5}.Debug|Any CPU.ActiveCfg = Debug|iPhoneSimulator
		{18F9C79D-0FB4-4A60-86FC-71699D4C5BC5}.Debug|Any CPU.Build.0 = Debug|iPhoneSimulator
		{18F9C79D-0FB4-4A60-86FC-71699D4C5BC5}.Debug|ARM.ActiveCfg = Debug|iPhone
		{18F9C79D-0FB4-4A60-86FC-71699D4C5BC5}.Debug|iPhone.ActiveCfg = Debug|iPhoneSimulator
		{18F9C79D-0FB4-4A60-86FC-71699D4C5BC5}.Debug|iPhone.Build.0 = Debug|iPhoneSimulator
		{18F9C79D-0FB4-4A60-86FC-71699D4C5BC5}.Debug|iPhoneSimulator.ActiveCfg = Debug|iPhone
		{18F9C79D-0FB4-4A60-86FC-71699D4C5BC5}.Debug|iPhoneSimulator.Build.0 = Debug|iPhone
		{18F9C79D-0FB4-4A60-86FC-71699D4C5BC5}.Debug|Mixed Platforms.ActiveCfg = Debug|iPhone
		{18F9C79D-0FB4-4A60-86FC-71699D4C5BC5}.Debug|Mixed Platforms.Build.0 = Debug|iPhone
		{18F9C79D-0FB4-4A60-86FC-71699D4C5BC5}.Debug|x64.ActiveCfg = Debug|iPhone
		{18F9C79D-0FB4-4A60-86FC-71699D4C5BC5}.Debug|x86.ActiveCfg = Debug|iPhone
		{18F9C79D-0FB4-4A60-86FC-71699D4C5BC5}.Release|Any CPU.ActiveCfg = Release|iPhoneSimulator
		{18F9C79D-0FB4-4A60-86FC-71699D4C5BC5}.Release|Any CPU.Build.0 = Release|iPhoneSimulator
		{18F9C79D-0FB4-4A60-86FC-71699D4C5BC5}.Release|ARM.ActiveCfg = Release|iPhone
		{18F9C79D-0FB4-4A60-86FC-71699D4C5BC5}.Release|iPhone.ActiveCfg = Release|iPhone
		{18F9C79D-0FB4-4A60-86FC-71699D4C5BC5}.Release|iPhone.Build.0 = Release|iPhone
		{18F9C79D-0FB4-4A60-86FC-71699D4C5BC5}.Release|iPhoneSimulator.ActiveCfg = Release|iPhoneSimulator
		{18F9C79D-0FB4-4A60-86FC-71699D4C5BC5}.Release|iPhoneSimulator.Build.0 = Release|iPhoneSimulator
		{18F9C79D-0FB4-4A60-86FC-71699D4C5BC5}.Release|Mixed Platforms.ActiveCfg = Release|iPhone
		{18F9C79D-0FB4-4A60-86FC-71699D4C5BC5}.Release|x64.ActiveCfg = Release|iPhone
		{18F9C79D-0FB4-4A60-86FC-71699D4C5BC5}.Release|x86.ActiveCfg = Release|iPhone
		{A5399A7D-2E8F-4976-96B4-AC58472D92D4}.Ad-Hoc|Any CPU.ActiveCfg = Release|Any CPU
		{A5399A7D-2E8F-4976-96B4-AC58472D92D4}.Ad-Hoc|ARM.ActiveCfg = Debug|Any CPU
		{A5399A7D-2E8F-4976-96B4-AC58472D92D4}.Ad-Hoc|iPhone.ActiveCfg = Debug|Any CPU
		{A5399A7D-2E8F-4976-96B4-AC58472D92D4}.Ad-Hoc|iPhone.Build.0 = Debug|Any CPU
		{A5399A7D-2E8F-4976-96B4-AC58472D92D4}.Ad-Hoc|iPhoneSimulator.ActiveCfg = Release|Any CPU
		{A5399A7D-2E8F-4976-96B4-AC58472D92D4}.Ad-Hoc|Mixed Platforms.ActiveCfg = Debug|Any CPU
		{A5399A7D-2E8F-4976-96B4-AC58472D92D4}.Ad-Hoc|Mixed Platforms.Build.0 = Debug|Any CPU
		{A5399A7D-2E8F-4976-96B4-AC58472D92D4}.Ad-Hoc|Mixed Platforms.Deploy.0 = Debug|Any CPU
		{A5399A7D-2E8F-4976-96B4-AC58472D92D4}.Ad-Hoc|x64.ActiveCfg = Trial|Any CPU
		{A5399A7D-2E8F-4976-96B4-AC58472D92D4}.Ad-Hoc|x86.ActiveCfg = Debug|Any CPU
		{A5399A7D-2E8F-4976-96B4-AC58472D92D4}.AppStore|Any CPU.ActiveCfg = Release|Any CPU
		{A5399A7D-2E8F-4976-96B4-AC58472D92D4}.AppStore|ARM.ActiveCfg = Debug|Any CPU
		{A5399A7D-2E8F-4976-96B4-AC58472D92D4}.AppStore|iPhone.ActiveCfg = Debug|Any CPU
		{A5399A7D-2E8F-4976-96B4-AC58472D92D4}.AppStore|iPhone.Build.0 = Debug|Any CPU
		{A5399A7D-2E8F-4976-96B4-AC58472D92D4}.AppStore|iPhoneSimulator.ActiveCfg = Release|Any CPU
		{A5399A7D-2E8F-4976-96B4-AC58472D92D4}.AppStore|Mixed Platforms.ActiveCfg = Debug|Any CPU
		{A5399A7D-2E8F-4976-96B4-AC58472D92D4}.AppStore|Mixed Platforms.Build.0 = Debug|Any CPU
		{A5399A7D-2E8F-4976-96B4-AC58472D92D4}.AppStore|Mixed Platforms.Deploy.0 = Debug|Any CPU
		{A5399A7D-2E8F-4976-96B4-AC58472D92D4}.AppStore|x64.ActiveCfg = Trial|Any CPU
		{A5399A7D-2E8F-4976-96B4-AC58472D92D4}.AppStore|x86.ActiveCfg = Debug|Any CPU
		{A5399A7D-2E8F-4976-96B4-AC58472D92D4}.Debug|Any CPU.ActiveCfg = Debug|Any CPU
		{A5399A7D-2E8F-4976-96B4-AC58472D92D4}.Debug|Any CPU.Build.0 = Debug|Any CPU
		{A5399A7D-2E8F-4976-96B4-AC58472D92D4}.Debug|Any CPU.Deploy.0 = Debug|Any CPU
		{A5399A7D-2E8F-4976-96B4-AC58472D92D4}.Debug|ARM.ActiveCfg = Debug|Any CPU
		{A5399A7D-2E8F-4976-96B4-AC58472D92D4}.Debug|iPhone.ActiveCfg = Debug|Any CPU
		{A5399A7D-2E8F-4976-96B4-AC58472D92D4}.Debug|iPhone.Build.0 = Debug|Any CPU
		{A5399A7D-2E8F-4976-96B4-AC58472D92D4}.Debug|iPhoneSimulator.ActiveCfg = Debug|Any CPU
		{A5399A7D-2E8F-4976-96B4-AC58472D92D4}.Debug|iPhoneSimulator.Build.0 = Debug|Any CPU
		{A5399A7D-2E8F-4976-96B4-AC58472D92D4}.Debug|Mixed Platforms.ActiveCfg = Debug|Any CPU
		{A5399A7D-2E8F-4976-96B4-AC58472D92D4}.Debug|Mixed Platforms.Build.0 = Debug|Any CPU
		{A5399A7D-2E8F-4976-96B4-AC58472D92D4}.Debug|Mixed Platforms.Deploy.0 = Debug|Any CPU
		{A5399A7D-2E8F-4976-96B4-AC58472D92D4}.Debug|x64.ActiveCfg = Debug|Any CPU
		{A5399A7D-2E8F-4976-96B4-AC58472D92D4}.Debug|x86.ActiveCfg = Debug|Any CPU
		{A5399A7D-2E8F-4976-96B4-AC58472D92D4}.Release|Any CPU.ActiveCfg = Release|Any CPU
		{A5399A7D-2E8F-4976-96B4-AC58472D92D4}.Release|Any CPU.Build.0 = Release|Any CPU
		{A5399A7D-2E8F-4976-96B4-AC58472D92D4}.Release|Any CPU.Deploy.0 = Release|Any CPU
		{A5399A7D-2E8F-4976-96B4-AC58472D92D4}.Release|ARM.ActiveCfg = Release|Any CPU
		{A5399A7D-2E8F-4976-96B4-AC58472D92D4}.Release|iPhone.ActiveCfg = Release|Any CPU
		{A5399A7D-2E8F-4976-96B4-AC58472D92D4}.Release|iPhone.Build.0 = Release|Any CPU
		{A5399A7D-2E8F-4976-96B4-AC58472D92D4}.Release|iPhoneSimulator.ActiveCfg = Release|Any CPU
		{A5399A7D-2E8F-4976-96B4-AC58472D92D4}.Release|iPhoneSimulator.Build.0 = Release|Any CPU
		{A5399A7D-2E8F-4976-96B4-AC58472D92D4}.Release|Mixed Platforms.ActiveCfg = Release|Any CPU
		{A5399A7D-2E8F-4976-96B4-AC58472D92D4}.Release|x64.ActiveCfg = Release|Any CPU
		{A5399A7D-2E8F-4976-96B4-AC58472D92D4}.Release|x86.ActiveCfg = Release|Any CPU
		{EC178D31-250A-4528-9D64-43567BFCD3D6}.Ad-Hoc|Any CPU.ActiveCfg = Release|Any CPU
		{EC178D31-250A-4528-9D64-43567BFCD3D6}.Ad-Hoc|ARM.ActiveCfg = Debug|Any CPU
		{EC178D31-250A-4528-9D64-43567BFCD3D6}.Ad-Hoc|iPhone.ActiveCfg = Debug|Any CPU
		{EC178D31-250A-4528-9D64-43567BFCD3D6}.Ad-Hoc|iPhone.Build.0 = Debug|Any CPU
		{EC178D31-250A-4528-9D64-43567BFCD3D6}.Ad-Hoc|iPhoneSimulator.ActiveCfg = Release|Any CPU
		{EC178D31-250A-4528-9D64-43567BFCD3D6}.Ad-Hoc|Mixed Platforms.ActiveCfg = Debug|Any CPU
		{EC178D31-250A-4528-9D64-43567BFCD3D6}.Ad-Hoc|Mixed Platforms.Build.0 = Debug|Any CPU
		{EC178D31-250A-4528-9D64-43567BFCD3D6}.Ad-Hoc|x64.ActiveCfg = Trial|Any CPU
		{EC178D31-250A-4528-9D64-43567BFCD3D6}.Ad-Hoc|x86.ActiveCfg = Debug|Any CPU
		{EC178D31-250A-4528-9D64-43567BFCD3D6}.AppStore|Any CPU.ActiveCfg = Release|Any CPU
		{EC178D31-250A-4528-9D64-43567BFCD3D6}.AppStore|ARM.ActiveCfg = Debug|Any CPU
		{EC178D31-250A-4528-9D64-43567BFCD3D6}.AppStore|iPhone.ActiveCfg = Debug|Any CPU
		{EC178D31-250A-4528-9D64-43567BFCD3D6}.AppStore|iPhone.Build.0 = Debug|Any CPU
		{EC178D31-250A-4528-9D64-43567BFCD3D6}.AppStore|iPhoneSimulator.ActiveCfg = Release|Any CPU
		{EC178D31-250A-4528-9D64-43567BFCD3D6}.AppStore|Mixed Platforms.ActiveCfg = Debug|Any CPU
		{EC178D31-250A-4528-9D64-43567BFCD3D6}.AppStore|Mixed Platforms.Build.0 = Debug|Any CPU
		{EC178D31-250A-4528-9D64-43567BFCD3D6}.AppStore|x64.ActiveCfg = Trial|Any CPU
		{EC178D31-250A-4528-9D64-43567BFCD3D6}.AppStore|x86.ActiveCfg = Debug|Any CPU
		{EC178D31-250A-4528-9D64-43567BFCD3D6}.Debug|Any CPU.ActiveCfg = Debug|Any CPU
		{EC178D31-250A-4528-9D64-43567BFCD3D6}.Debug|Any CPU.Build.0 = Debug|Any CPU
		{EC178D31-250A-4528-9D64-43567BFCD3D6}.Debug|ARM.ActiveCfg = Debug|Any CPU
		{EC178D31-250A-4528-9D64-43567BFCD3D6}.Debug|iPhone.ActiveCfg = Debug|Any CPU
		{EC178D31-250A-4528-9D64-43567BFCD3D6}.Debug|iPhone.Build.0 = Debug|Any CPU
		{EC178D31-250A-4528-9D64-43567BFCD3D6}.Debug|iPhoneSimulator.ActiveCfg = Debug|Any CPU
		{EC178D31-250A-4528-9D64-43567BFCD3D6}.Debug|iPhoneSimulator.Build.0 = Debug|Any CPU
		{EC178D31-250A-4528-9D64-43567BFCD3D6}.Debug|Mixed Platforms.ActiveCfg = Debug|Any CPU
		{EC178D31-250A-4528-9D64-43567BFCD3D6}.Debug|Mixed Platforms.Build.0 = Debug|Any CPU
		{EC178D31-250A-4528-9D64-43567BFCD3D6}.Debug|x64.ActiveCfg = Debug|Any CPU
		{EC178D31-250A-4528-9D64-43567BFCD3D6}.Debug|x86.ActiveCfg = Debug|Any CPU
		{EC178D31-250A-4528-9D64-43567BFCD3D6}.Release|Any CPU.ActiveCfg = Release|Any CPU
		{EC178D31-250A-4528-9D64-43567BFCD3D6}.Release|Any CPU.Build.0 = Release|Any CPU
		{EC178D31-250A-4528-9D64-43567BFCD3D6}.Release|ARM.ActiveCfg = Release|Any CPU
		{EC178D31-250A-4528-9D64-43567BFCD3D6}.Release|iPhone.ActiveCfg = Release|Any CPU
		{EC178D31-250A-4528-9D64-43567BFCD3D6}.Release|iPhone.Build.0 = Release|Any CPU
		{EC178D31-250A-4528-9D64-43567BFCD3D6}.Release|iPhoneSimulator.ActiveCfg = Release|Any CPU
		{EC178D31-250A-4528-9D64-43567BFCD3D6}.Release|iPhoneSimulator.Build.0 = Release|Any CPU
		{EC178D31-250A-4528-9D64-43567BFCD3D6}.Release|Mixed Platforms.ActiveCfg = Release|Any CPU
		{EC178D31-250A-4528-9D64-43567BFCD3D6}.Release|x64.ActiveCfg = Release|Any CPU
		{EC178D31-250A-4528-9D64-43567BFCD3D6}.Release|x86.ActiveCfg = Release|Any CPU
		{54100CBB-5172-49F8-A2DB-6DA2AFDDB73F}.Ad-Hoc|Any CPU.ActiveCfg = Release|Any CPU
		{54100CBB-5172-49F8-A2DB-6DA2AFDDB73F}.Ad-Hoc|ARM.ActiveCfg = Debug|Any CPU
		{54100CBB-5172-49F8-A2DB-6DA2AFDDB73F}.Ad-Hoc|iPhone.ActiveCfg = Debug|Any CPU
		{54100CBB-5172-49F8-A2DB-6DA2AFDDB73F}.Ad-Hoc|iPhone.Build.0 = Debug|Any CPU
		{54100CBB-5172-49F8-A2DB-6DA2AFDDB73F}.Ad-Hoc|iPhoneSimulator.ActiveCfg = Release|Any CPU
		{54100CBB-5172-49F8-A2DB-6DA2AFDDB73F}.Ad-Hoc|Mixed Platforms.ActiveCfg = Debug|Any CPU
		{54100CBB-5172-49F8-A2DB-6DA2AFDDB73F}.Ad-Hoc|Mixed Platforms.Build.0 = Debug|Any CPU
		{54100CBB-5172-49F8-A2DB-6DA2AFDDB73F}.Ad-Hoc|x64.ActiveCfg = Debug|Any CPU
		{54100CBB-5172-49F8-A2DB-6DA2AFDDB73F}.Ad-Hoc|x86.ActiveCfg = Debug|Any CPU
		{54100CBB-5172-49F8-A2DB-6DA2AFDDB73F}.AppStore|Any CPU.ActiveCfg = Release|Any CPU
		{54100CBB-5172-49F8-A2DB-6DA2AFDDB73F}.AppStore|ARM.ActiveCfg = Debug|Any CPU
		{54100CBB-5172-49F8-A2DB-6DA2AFDDB73F}.AppStore|iPhone.ActiveCfg = Debug|Any CPU
		{54100CBB-5172-49F8-A2DB-6DA2AFDDB73F}.AppStore|iPhone.Build.0 = Debug|Any CPU
		{54100CBB-5172-49F8-A2DB-6DA2AFDDB73F}.AppStore|iPhoneSimulator.ActiveCfg = Release|Any CPU
		{54100CBB-5172-49F8-A2DB-6DA2AFDDB73F}.AppStore|Mixed Platforms.ActiveCfg = Debug|Any CPU
		{54100CBB-5172-49F8-A2DB-6DA2AFDDB73F}.AppStore|Mixed Platforms.Build.0 = Debug|Any CPU
		{54100CBB-5172-49F8-A2DB-6DA2AFDDB73F}.AppStore|x64.ActiveCfg = Debug|Any CPU
		{54100CBB-5172-49F8-A2DB-6DA2AFDDB73F}.AppStore|x86.ActiveCfg = Debug|Any CPU
		{54100CBB-5172-49F8-A2DB-6DA2AFDDB73F}.Debug|Any CPU.ActiveCfg = Debug|Any CPU
		{54100CBB-5172-49F8-A2DB-6DA2AFDDB73F}.Debug|Any CPU.Build.0 = Debug|Any CPU
		{54100CBB-5172-49F8-A2DB-6DA2AFDDB73F}.Debug|ARM.ActiveCfg = Debug|Any CPU
		{54100CBB-5172-49F8-A2DB-6DA2AFDDB73F}.Debug|iPhone.ActiveCfg = Debug|Any CPU
		{54100CBB-5172-49F8-A2DB-6DA2AFDDB73F}.Debug|iPhone.Build.0 = Debug|Any CPU
		{54100CBB-5172-49F8-A2DB-6DA2AFDDB73F}.Debug|iPhoneSimulator.ActiveCfg = Debug|Any CPU
		{54100CBB-5172-49F8-A2DB-6DA2AFDDB73F}.Debug|iPhoneSimulator.Build.0 = Debug|Any CPU
		{54100CBB-5172-49F8-A2DB-6DA2AFDDB73F}.Debug|Mixed Platforms.ActiveCfg = Debug|Any CPU
		{54100CBB-5172-49F8-A2DB-6DA2AFDDB73F}.Debug|Mixed Platforms.Build.0 = Debug|Any CPU
		{54100CBB-5172-49F8-A2DB-6DA2AFDDB73F}.Debug|x64.ActiveCfg = Debug|Any CPU
		{54100CBB-5172-49F8-A2DB-6DA2AFDDB73F}.Debug|x86.ActiveCfg = Debug|Any CPU
		{54100CBB-5172-49F8-A2DB-6DA2AFDDB73F}.Release|Any CPU.ActiveCfg = Release|Any CPU
		{54100CBB-5172-49F8-A2DB-6DA2AFDDB73F}.Release|Any CPU.Build.0 = Release|Any CPU
		{54100CBB-5172-49F8-A2DB-6DA2AFDDB73F}.Release|ARM.ActiveCfg = Release|Any CPU
		{54100CBB-5172-49F8-A2DB-6DA2AFDDB73F}.Release|iPhone.ActiveCfg = Release|Any CPU
		{54100CBB-5172-49F8-A2DB-6DA2AFDDB73F}.Release|iPhone.Build.0 = Release|Any CPU
		{54100CBB-5172-49F8-A2DB-6DA2AFDDB73F}.Release|iPhoneSimulator.ActiveCfg = Release|Any CPU
		{54100CBB-5172-49F8-A2DB-6DA2AFDDB73F}.Release|iPhoneSimulator.Build.0 = Release|Any CPU
		{54100CBB-5172-49F8-A2DB-6DA2AFDDB73F}.Release|Mixed Platforms.ActiveCfg = Release|Any CPU
		{54100CBB-5172-49F8-A2DB-6DA2AFDDB73F}.Release|Mixed Platforms.Build.0 = Release|Any CPU
		{54100CBB-5172-49F8-A2DB-6DA2AFDDB73F}.Release|x64.ActiveCfg = Release|Any CPU
		{54100CBB-5172-49F8-A2DB-6DA2AFDDB73F}.Release|x86.ActiveCfg = Release|Any CPU
		{B7896132-F0D8-4D8C-8540-69521C3A8D77}.Ad-Hoc|Any CPU.ActiveCfg = Debug|Any CPU
		{B7896132-F0D8-4D8C-8540-69521C3A8D77}.Ad-Hoc|ARM.ActiveCfg = Release|Any CPU
		{B7896132-F0D8-4D8C-8540-69521C3A8D77}.Ad-Hoc|iPhone.ActiveCfg = Release|Any CPU
		{B7896132-F0D8-4D8C-8540-69521C3A8D77}.Ad-Hoc|iPhone.Build.0 = Release|Any CPU
		{B7896132-F0D8-4D8C-8540-69521C3A8D77}.Ad-Hoc|iPhoneSimulator.ActiveCfg = Debug|Any CPU
		{B7896132-F0D8-4D8C-8540-69521C3A8D77}.Ad-Hoc|Mixed Platforms.ActiveCfg = Release|Any CPU
		{B7896132-F0D8-4D8C-8540-69521C3A8D77}.Ad-Hoc|Mixed Platforms.Build.0 = Release|Any CPU
		{B7896132-F0D8-4D8C-8540-69521C3A8D77}.Ad-Hoc|x64.ActiveCfg = Release|Any CPU
		{B7896132-F0D8-4D8C-8540-69521C3A8D77}.Ad-Hoc|x86.ActiveCfg = Release|Any CPU
		{B7896132-F0D8-4D8C-8540-69521C3A8D77}.AppStore|Any CPU.ActiveCfg = Debug|Any CPU
		{B7896132-F0D8-4D8C-8540-69521C3A8D77}.AppStore|ARM.ActiveCfg = Release|Any CPU
		{B7896132-F0D8-4D8C-8540-69521C3A8D77}.AppStore|iPhone.ActiveCfg = Release|Any CPU
		{B7896132-F0D8-4D8C-8540-69521C3A8D77}.AppStore|iPhone.Build.0 = Release|Any CPU
		{B7896132-F0D8-4D8C-8540-69521C3A8D77}.AppStore|iPhoneSimulator.ActiveCfg = Debug|Any CPU
		{B7896132-F0D8-4D8C-8540-69521C3A8D77}.AppStore|Mixed Platforms.ActiveCfg = Release|Any CPU
		{B7896132-F0D8-4D8C-8540-69521C3A8D77}.AppStore|Mixed Platforms.Build.0 = Release|Any CPU
		{B7896132-F0D8-4D8C-8540-69521C3A8D77}.AppStore|x64.ActiveCfg = Release|Any CPU
		{B7896132-F0D8-4D8C-8540-69521C3A8D77}.AppStore|x86.ActiveCfg = Release|Any CPU
		{B7896132-F0D8-4D8C-8540-69521C3A8D77}.Debug|Any CPU.ActiveCfg = Debug|Any CPU
		{B7896132-F0D8-4D8C-8540-69521C3A8D77}.Debug|Any CPU.Build.0 = Debug|Any CPU
		{B7896132-F0D8-4D8C-8540-69521C3A8D77}.Debug|ARM.ActiveCfg = Debug|Any CPU
		{B7896132-F0D8-4D8C-8540-69521C3A8D77}.Debug|iPhone.ActiveCfg = Debug|Any CPU
		{B7896132-F0D8-4D8C-8540-69521C3A8D77}.Debug|iPhone.Build.0 = Debug|Any CPU
		{B7896132-F0D8-4D8C-8540-69521C3A8D77}.Debug|iPhoneSimulator.ActiveCfg = Debug|Any CPU
		{B7896132-F0D8-4D8C-8540-69521C3A8D77}.Debug|iPhoneSimulator.Build.0 = Debug|Any CPU
		{B7896132-F0D8-4D8C-8540-69521C3A8D77}.Debug|Mixed Platforms.ActiveCfg = Debug|Any CPU
		{B7896132-F0D8-4D8C-8540-69521C3A8D77}.Debug|Mixed Platforms.Build.0 = Debug|Any CPU
		{B7896132-F0D8-4D8C-8540-69521C3A8D77}.Debug|x64.ActiveCfg = Debug|Any CPU
		{B7896132-F0D8-4D8C-8540-69521C3A8D77}.Debug|x86.ActiveCfg = Debug|Any CPU
		{B7896132-F0D8-4D8C-8540-69521C3A8D77}.Release|Any CPU.ActiveCfg = Release|Any CPU
		{B7896132-F0D8-4D8C-8540-69521C3A8D77}.Release|Any CPU.Build.0 = Release|Any CPU
		{B7896132-F0D8-4D8C-8540-69521C3A8D77}.Release|ARM.ActiveCfg = Release|Any CPU
		{B7896132-F0D8-4D8C-8540-69521C3A8D77}.Release|iPhone.ActiveCfg = Release|Any CPU
		{B7896132-F0D8-4D8C-8540-69521C3A8D77}.Release|iPhone.Build.0 = Release|Any CPU
		{B7896132-F0D8-4D8C-8540-69521C3A8D77}.Release|iPhoneSimulator.ActiveCfg = Release|Any CPU
		{B7896132-F0D8-4D8C-8540-69521C3A8D77}.Release|iPhoneSimulator.Build.0 = Release|Any CPU
		{B7896132-F0D8-4D8C-8540-69521C3A8D77}.Release|Mixed Platforms.ActiveCfg = Release|Any CPU
		{B7896132-F0D8-4D8C-8540-69521C3A8D77}.Release|Mixed Platforms.Build.0 = Release|Any CPU
		{B7896132-F0D8-4D8C-8540-69521C3A8D77}.Release|x64.ActiveCfg = Release|Any CPU
		{B7896132-F0D8-4D8C-8540-69521C3A8D77}.Release|x86.ActiveCfg = Release|Any CPU
		{DC2005BE-9E6D-426A-B914-FD6AEB0DCAE3}.Ad-Hoc|Any CPU.ActiveCfg = Release|Any CPU
		{DC2005BE-9E6D-426A-B914-FD6AEB0DCAE3}.Ad-Hoc|Any CPU.Build.0 = Release|Any CPU
		{DC2005BE-9E6D-426A-B914-FD6AEB0DCAE3}.Ad-Hoc|ARM.ActiveCfg = Release|ARM
		{DC2005BE-9E6D-426A-B914-FD6AEB0DCAE3}.Ad-Hoc|ARM.Build.0 = Release|ARM
		{DC2005BE-9E6D-426A-B914-FD6AEB0DCAE3}.Ad-Hoc|iPhone.ActiveCfg = Release|Any CPU
		{DC2005BE-9E6D-426A-B914-FD6AEB0DCAE3}.Ad-Hoc|iPhoneSimulator.ActiveCfg = Release|Any CPU
		{DC2005BE-9E6D-426A-B914-FD6AEB0DCAE3}.Ad-Hoc|Mixed Platforms.ActiveCfg = Release|x86
		{DC2005BE-9E6D-426A-B914-FD6AEB0DCAE3}.Ad-Hoc|Mixed Platforms.Build.0 = Release|x86
		{DC2005BE-9E6D-426A-B914-FD6AEB0DCAE3}.Ad-Hoc|x64.ActiveCfg = Debug|Any CPU
		{DC2005BE-9E6D-426A-B914-FD6AEB0DCAE3}.Ad-Hoc|x86.ActiveCfg = Release|x86
		{DC2005BE-9E6D-426A-B914-FD6AEB0DCAE3}.Ad-Hoc|x86.Build.0 = Release|x86
		{DC2005BE-9E6D-426A-B914-FD6AEB0DCAE3}.AppStore|Any CPU.ActiveCfg = Release|Any CPU
		{DC2005BE-9E6D-426A-B914-FD6AEB0DCAE3}.AppStore|Any CPU.Build.0 = Release|Any CPU
		{DC2005BE-9E6D-426A-B914-FD6AEB0DCAE3}.AppStore|ARM.ActiveCfg = Release|ARM
		{DC2005BE-9E6D-426A-B914-FD6AEB0DCAE3}.AppStore|ARM.Build.0 = Release|ARM
		{DC2005BE-9E6D-426A-B914-FD6AEB0DCAE3}.AppStore|iPhone.ActiveCfg = Release|Any CPU
		{DC2005BE-9E6D-426A-B914-FD6AEB0DCAE3}.AppStore|iPhoneSimulator.ActiveCfg = Release|Any CPU
		{DC2005BE-9E6D-426A-B914-FD6AEB0DCAE3}.AppStore|Mixed Platforms.ActiveCfg = Release|x86
		{DC2005BE-9E6D-426A-B914-FD6AEB0DCAE3}.AppStore|Mixed Platforms.Build.0 = Release|x86
		{DC2005BE-9E6D-426A-B914-FD6AEB0DCAE3}.AppStore|x64.ActiveCfg = Debug|Any CPU
		{DC2005BE-9E6D-426A-B914-FD6AEB0DCAE3}.AppStore|x86.ActiveCfg = Release|x86
		{DC2005BE-9E6D-426A-B914-FD6AEB0DCAE3}.AppStore|x86.Build.0 = Release|x86
		{DC2005BE-9E6D-426A-B914-FD6AEB0DCAE3}.Debug|Any CPU.ActiveCfg = Debug|Any CPU
		{DC2005BE-9E6D-426A-B914-FD6AEB0DCAE3}.Debug|Any CPU.Build.0 = Debug|Any CPU
		{DC2005BE-9E6D-426A-B914-FD6AEB0DCAE3}.Debug|ARM.ActiveCfg = Debug|ARM
		{DC2005BE-9E6D-426A-B914-FD6AEB0DCAE3}.Debug|ARM.Build.0 = Debug|ARM
		{DC2005BE-9E6D-426A-B914-FD6AEB0DCAE3}.Debug|iPhone.ActiveCfg = Debug|Any CPU
		{DC2005BE-9E6D-426A-B914-FD6AEB0DCAE3}.Debug|iPhoneSimulator.ActiveCfg = Debug|Any CPU
		{DC2005BE-9E6D-426A-B914-FD6AEB0DCAE3}.Debug|Mixed Platforms.ActiveCfg = Debug|Any CPU
		{DC2005BE-9E6D-426A-B914-FD6AEB0DCAE3}.Debug|Mixed Platforms.Build.0 = Debug|Any CPU
		{DC2005BE-9E6D-426A-B914-FD6AEB0DCAE3}.Debug|x64.ActiveCfg = Debug|Any CPU
		{DC2005BE-9E6D-426A-B914-FD6AEB0DCAE3}.Debug|x86.ActiveCfg = Debug|x86
		{DC2005BE-9E6D-426A-B914-FD6AEB0DCAE3}.Debug|x86.Build.0 = Debug|x86
		{DC2005BE-9E6D-426A-B914-FD6AEB0DCAE3}.Release|Any CPU.ActiveCfg = Release|Any CPU
		{DC2005BE-9E6D-426A-B914-FD6AEB0DCAE3}.Release|Any CPU.Build.0 = Release|Any CPU
		{DC2005BE-9E6D-426A-B914-FD6AEB0DCAE3}.Release|ARM.ActiveCfg = Release|ARM
		{DC2005BE-9E6D-426A-B914-FD6AEB0DCAE3}.Release|ARM.Build.0 = Release|ARM
		{DC2005BE-9E6D-426A-B914-FD6AEB0DCAE3}.Release|iPhone.ActiveCfg = Release|Any CPU
		{DC2005BE-9E6D-426A-B914-FD6AEB0DCAE3}.Release|iPhoneSimulator.ActiveCfg = Release|Any CPU
		{DC2005BE-9E6D-426A-B914-FD6AEB0DCAE3}.Release|Mixed Platforms.ActiveCfg = Release|Any CPU
		{DC2005BE-9E6D-426A-B914-FD6AEB0DCAE3}.Release|Mixed Platforms.Build.0 = Release|Any CPU
		{DC2005BE-9E6D-426A-B914-FD6AEB0DCAE3}.Release|x64.ActiveCfg = Release|Any CPU
		{DC2005BE-9E6D-426A-B914-FD6AEB0DCAE3}.Release|x86.ActiveCfg = Release|x86
		{DC2005BE-9E6D-426A-B914-FD6AEB0DCAE3}.Release|x86.Build.0 = Release|x86
		{84C1AFAC-11A0-421C-BF99-03E0060FF334}.Ad-Hoc|Any CPU.ActiveCfg = Release|Any CPU
		{84C1AFAC-11A0-421C-BF99-03E0060FF334}.Ad-Hoc|Any CPU.Build.0 = Release|Any CPU
		{84C1AFAC-11A0-421C-BF99-03E0060FF334}.Ad-Hoc|Any CPU.Deploy.0 = Release|Any CPU
		{84C1AFAC-11A0-421C-BF99-03E0060FF334}.Ad-Hoc|ARM.ActiveCfg = Release|ARM
		{84C1AFAC-11A0-421C-BF99-03E0060FF334}.Ad-Hoc|ARM.Build.0 = Release|ARM
		{84C1AFAC-11A0-421C-BF99-03E0060FF334}.Ad-Hoc|ARM.Deploy.0 = Release|ARM
		{84C1AFAC-11A0-421C-BF99-03E0060FF334}.Ad-Hoc|iPhone.ActiveCfg = Release|Any CPU
		{84C1AFAC-11A0-421C-BF99-03E0060FF334}.Ad-Hoc|iPhoneSimulator.ActiveCfg = Release|Any CPU
		{84C1AFAC-11A0-421C-BF99-03E0060FF334}.Ad-Hoc|Mixed Platforms.ActiveCfg = Release|x86
		{84C1AFAC-11A0-421C-BF99-03E0060FF334}.Ad-Hoc|Mixed Platforms.Build.0 = Release|x86
		{84C1AFAC-11A0-421C-BF99-03E0060FF334}.Ad-Hoc|Mixed Platforms.Deploy.0 = Release|x86
		{84C1AFAC-11A0-421C-BF99-03E0060FF334}.Ad-Hoc|x64.ActiveCfg = Trial|Any CPU
		{84C1AFAC-11A0-421C-BF99-03E0060FF334}.Ad-Hoc|x86.ActiveCfg = Release|x86
		{84C1AFAC-11A0-421C-BF99-03E0060FF334}.Ad-Hoc|x86.Build.0 = Release|x86
		{84C1AFAC-11A0-421C-BF99-03E0060FF334}.Ad-Hoc|x86.Deploy.0 = Release|x86
		{84C1AFAC-11A0-421C-BF99-03E0060FF334}.AppStore|Any CPU.ActiveCfg = Release|Any CPU
		{84C1AFAC-11A0-421C-BF99-03E0060FF334}.AppStore|Any CPU.Build.0 = Release|Any CPU
		{84C1AFAC-11A0-421C-BF99-03E0060FF334}.AppStore|Any CPU.Deploy.0 = Release|Any CPU
		{84C1AFAC-11A0-421C-BF99-03E0060FF334}.AppStore|ARM.ActiveCfg = Release|ARM
		{84C1AFAC-11A0-421C-BF99-03E0060FF334}.AppStore|ARM.Build.0 = Release|ARM
		{84C1AFAC-11A0-421C-BF99-03E0060FF334}.AppStore|ARM.Deploy.0 = Release|ARM
		{84C1AFAC-11A0-421C-BF99-03E0060FF334}.AppStore|iPhone.ActiveCfg = Release|Any CPU
		{84C1AFAC-11A0-421C-BF99-03E0060FF334}.AppStore|iPhoneSimulator.ActiveCfg = Release|Any CPU
		{84C1AFAC-11A0-421C-BF99-03E0060FF334}.AppStore|Mixed Platforms.ActiveCfg = Release|x86
		{84C1AFAC-11A0-421C-BF99-03E0060FF334}.AppStore|Mixed Platforms.Build.0 = Release|x86
		{84C1AFAC-11A0-421C-BF99-03E0060FF334}.AppStore|Mixed Platforms.Deploy.0 = Release|x86
		{84C1AFAC-11A0-421C-BF99-03E0060FF334}.AppStore|x64.ActiveCfg = Trial|Any CPU
		{84C1AFAC-11A0-421C-BF99-03E0060FF334}.AppStore|x86.ActiveCfg = Release|x86
		{84C1AFAC-11A0-421C-BF99-03E0060FF334}.AppStore|x86.Build.0 = Release|x86
		{84C1AFAC-11A0-421C-BF99-03E0060FF334}.AppStore|x86.Deploy.0 = Release|x86
		{84C1AFAC-11A0-421C-BF99-03E0060FF334}.Debug|Any CPU.ActiveCfg = Debug|ARM
		{84C1AFAC-11A0-421C-BF99-03E0060FF334}.Debug|Any CPU.Build.0 = Debug|ARM
		{84C1AFAC-11A0-421C-BF99-03E0060FF334}.Debug|Any CPU.Deploy.0 = Debug|ARM
		{84C1AFAC-11A0-421C-BF99-03E0060FF334}.Debug|ARM.ActiveCfg = Debug|ARM
		{84C1AFAC-11A0-421C-BF99-03E0060FF334}.Debug|ARM.Build.0 = Debug|ARM
		{84C1AFAC-11A0-421C-BF99-03E0060FF334}.Debug|ARM.Deploy.0 = Debug|ARM
		{84C1AFAC-11A0-421C-BF99-03E0060FF334}.Debug|iPhone.ActiveCfg = Debug|Any CPU
		{84C1AFAC-11A0-421C-BF99-03E0060FF334}.Debug|iPhoneSimulator.ActiveCfg = Debug|Any CPU
		{84C1AFAC-11A0-421C-BF99-03E0060FF334}.Debug|Mixed Platforms.ActiveCfg = Debug|ARM
		{84C1AFAC-11A0-421C-BF99-03E0060FF334}.Debug|Mixed Platforms.Build.0 = Debug|ARM
		{84C1AFAC-11A0-421C-BF99-03E0060FF334}.Debug|Mixed Platforms.Deploy.0 = Debug|ARM
		{84C1AFAC-11A0-421C-BF99-03E0060FF334}.Debug|x64.ActiveCfg = Debug|Any CPU
		{84C1AFAC-11A0-421C-BF99-03E0060FF334}.Debug|x86.ActiveCfg = Debug|x86
		{84C1AFAC-11A0-421C-BF99-03E0060FF334}.Debug|x86.Build.0 = Debug|x86
		{84C1AFAC-11A0-421C-BF99-03E0060FF334}.Debug|x86.Deploy.0 = Debug|x86
		{84C1AFAC-11A0-421C-BF99-03E0060FF334}.Release|Any CPU.ActiveCfg = Release|Any CPU
		{84C1AFAC-11A0-421C-BF99-03E0060FF334}.Release|Any CPU.Build.0 = Release|Any CPU
		{84C1AFAC-11A0-421C-BF99-03E0060FF334}.Release|Any CPU.Deploy.0 = Release|Any CPU
		{84C1AFAC-11A0-421C-BF99-03E0060FF334}.Release|ARM.ActiveCfg = Release|ARM
		{84C1AFAC-11A0-421C-BF99-03E0060FF334}.Release|ARM.Build.0 = Release|ARM
		{84C1AFAC-11A0-421C-BF99-03E0060FF334}.Release|ARM.Deploy.0 = Release|ARM
		{84C1AFAC-11A0-421C-BF99-03E0060FF334}.Release|iPhone.ActiveCfg = Release|Any CPU
		{84C1AFAC-11A0-421C-BF99-03E0060FF334}.Release|iPhoneSimulator.ActiveCfg = Release|Any CPU
		{84C1AFAC-11A0-421C-BF99-03E0060FF334}.Release|Mixed Platforms.ActiveCfg = Release|ARM
		{84C1AFAC-11A0-421C-BF99-03E0060FF334}.Release|x64.ActiveCfg = Release|Any CPU
		{84C1AFAC-11A0-421C-BF99-03E0060FF334}.Release|x86.ActiveCfg = Release|x86
		{84C1AFAC-11A0-421C-BF99-03E0060FF334}.Release|x86.Build.0 = Release|x86
		{84C1AFAC-11A0-421C-BF99-03E0060FF334}.Release|x86.Deploy.0 = Release|x86
		{4474E753-0AC7-4616-8AC9-833B8EB53657}.Ad-Hoc|Any CPU.ActiveCfg = Release|Any CPU
		{4474E753-0AC7-4616-8AC9-833B8EB53657}.Ad-Hoc|Any CPU.Build.0 = Release|Any CPU
		{4474E753-0AC7-4616-8AC9-833B8EB53657}.Ad-Hoc|ARM.ActiveCfg = Release|Any CPU
		{4474E753-0AC7-4616-8AC9-833B8EB53657}.Ad-Hoc|ARM.Build.0 = Release|Any CPU
		{4474E753-0AC7-4616-8AC9-833B8EB53657}.Ad-Hoc|iPhone.ActiveCfg = Release|Any CPU
		{4474E753-0AC7-4616-8AC9-833B8EB53657}.Ad-Hoc|iPhone.Build.0 = Release|Any CPU
		{4474E753-0AC7-4616-8AC9-833B8EB53657}.Ad-Hoc|iPhoneSimulator.ActiveCfg = Release|Any CPU
		{4474E753-0AC7-4616-8AC9-833B8EB53657}.Ad-Hoc|iPhoneSimulator.Build.0 = Release|Any CPU
		{4474E753-0AC7-4616-8AC9-833B8EB53657}.Ad-Hoc|Mixed Platforms.ActiveCfg = Release|Any CPU
		{4474E753-0AC7-4616-8AC9-833B8EB53657}.Ad-Hoc|Mixed Platforms.Build.0 = Release|Any CPU
		{4474E753-0AC7-4616-8AC9-833B8EB53657}.Ad-Hoc|x64.ActiveCfg = Trial|Any CPU
		{4474E753-0AC7-4616-8AC9-833B8EB53657}.Ad-Hoc|x86.ActiveCfg = Release|Any CPU
		{4474E753-0AC7-4616-8AC9-833B8EB53657}.Ad-Hoc|x86.Build.0 = Release|Any CPU
		{4474E753-0AC7-4616-8AC9-833B8EB53657}.AppStore|Any CPU.ActiveCfg = Release|Any CPU
		{4474E753-0AC7-4616-8AC9-833B8EB53657}.AppStore|Any CPU.Build.0 = Release|Any CPU
		{4474E753-0AC7-4616-8AC9-833B8EB53657}.AppStore|ARM.ActiveCfg = Release|Any CPU
		{4474E753-0AC7-4616-8AC9-833B8EB53657}.AppStore|ARM.Build.0 = Release|Any CPU
		{4474E753-0AC7-4616-8AC9-833B8EB53657}.AppStore|iPhone.ActiveCfg = Release|Any CPU
		{4474E753-0AC7-4616-8AC9-833B8EB53657}.AppStore|iPhone.Build.0 = Release|Any CPU
		{4474E753-0AC7-4616-8AC9-833B8EB53657}.AppStore|iPhoneSimulator.ActiveCfg = Release|Any CPU
		{4474E753-0AC7-4616-8AC9-833B8EB53657}.AppStore|iPhoneSimulator.Build.0 = Release|Any CPU
		{4474E753-0AC7-4616-8AC9-833B8EB53657}.AppStore|Mixed Platforms.ActiveCfg = Release|Any CPU
		{4474E753-0AC7-4616-8AC9-833B8EB53657}.AppStore|Mixed Platforms.Build.0 = Release|Any CPU
		{4474E753-0AC7-4616-8AC9-833B8EB53657}.AppStore|x64.ActiveCfg = Trial|Any CPU
		{4474E753-0AC7-4616-8AC9-833B8EB53657}.AppStore|x86.ActiveCfg = Release|Any CPU
		{4474E753-0AC7-4616-8AC9-833B8EB53657}.AppStore|x86.Build.0 = Release|Any CPU
		{4474E753-0AC7-4616-8AC9-833B8EB53657}.Debug|Any CPU.ActiveCfg = Debug|Any CPU
		{4474E753-0AC7-4616-8AC9-833B8EB53657}.Debug|Any CPU.Build.0 = Debug|Any CPU
		{4474E753-0AC7-4616-8AC9-833B8EB53657}.Debug|ARM.ActiveCfg = Debug|Any CPU
		{4474E753-0AC7-4616-8AC9-833B8EB53657}.Debug|ARM.Build.0 = Debug|Any CPU
		{4474E753-0AC7-4616-8AC9-833B8EB53657}.Debug|iPhone.ActiveCfg = Debug|Any CPU
		{4474E753-0AC7-4616-8AC9-833B8EB53657}.Debug|iPhone.Build.0 = Debug|Any CPU
		{4474E753-0AC7-4616-8AC9-833B8EB53657}.Debug|iPhoneSimulator.ActiveCfg = Debug|Any CPU
		{4474E753-0AC7-4616-8AC9-833B8EB53657}.Debug|iPhoneSimulator.Build.0 = Debug|Any CPU
		{4474E753-0AC7-4616-8AC9-833B8EB53657}.Debug|Mixed Platforms.ActiveCfg = Debug|Any CPU
		{4474E753-0AC7-4616-8AC9-833B8EB53657}.Debug|Mixed Platforms.Build.0 = Debug|Any CPU
		{4474E753-0AC7-4616-8AC9-833B8EB53657}.Debug|x64.ActiveCfg = Debug|Any CPU
		{4474E753-0AC7-4616-8AC9-833B8EB53657}.Debug|x86.ActiveCfg = Debug|Any CPU
		{4474E753-0AC7-4616-8AC9-833B8EB53657}.Debug|x86.Build.0 = Debug|Any CPU
		{4474E753-0AC7-4616-8AC9-833B8EB53657}.Release|Any CPU.ActiveCfg = Release|Any CPU
		{4474E753-0AC7-4616-8AC9-833B8EB53657}.Release|Any CPU.Build.0 = Release|Any CPU
		{4474E753-0AC7-4616-8AC9-833B8EB53657}.Release|ARM.ActiveCfg = Release|Any CPU
		{4474E753-0AC7-4616-8AC9-833B8EB53657}.Release|ARM.Build.0 = Release|Any CPU
		{4474E753-0AC7-4616-8AC9-833B8EB53657}.Release|iPhone.ActiveCfg = Release|Any CPU
		{4474E753-0AC7-4616-8AC9-833B8EB53657}.Release|iPhone.Build.0 = Release|Any CPU
		{4474E753-0AC7-4616-8AC9-833B8EB53657}.Release|iPhoneSimulator.ActiveCfg = Release|Any CPU
		{4474E753-0AC7-4616-8AC9-833B8EB53657}.Release|iPhoneSimulator.Build.0 = Release|Any CPU
		{4474E753-0AC7-4616-8AC9-833B8EB53657}.Release|Mixed Platforms.ActiveCfg = Release|Any CPU
		{4474E753-0AC7-4616-8AC9-833B8EB53657}.Release|Mixed Platforms.Build.0 = Release|Any CPU
		{4474E753-0AC7-4616-8AC9-833B8EB53657}.Release|x64.ActiveCfg = Release|Any CPU
		{4474E753-0AC7-4616-8AC9-833B8EB53657}.Release|x86.ActiveCfg = Release|Any CPU
		{4474E753-0AC7-4616-8AC9-833B8EB53657}.Release|x86.Build.0 = Release|Any CPU
		{40538FC4-949F-4EAC-B044-82E4B3C453CA}.Ad-Hoc|Any CPU.ActiveCfg = Release|Any CPU
		{40538FC4-949F-4EAC-B044-82E4B3C453CA}.Ad-Hoc|Any CPU.Build.0 = Release|Any CPU
		{40538FC4-949F-4EAC-B044-82E4B3C453CA}.Ad-Hoc|ARM.ActiveCfg = Release|ARM
		{40538FC4-949F-4EAC-B044-82E4B3C453CA}.Ad-Hoc|ARM.Build.0 = Release|ARM
		{40538FC4-949F-4EAC-B044-82E4B3C453CA}.Ad-Hoc|iPhone.ActiveCfg = Release|Any CPU
		{40538FC4-949F-4EAC-B044-82E4B3C453CA}.Ad-Hoc|iPhoneSimulator.ActiveCfg = Release|Any CPU
		{40538FC4-949F-4EAC-B044-82E4B3C453CA}.Ad-Hoc|Mixed Platforms.ActiveCfg = Release|x86
		{40538FC4-949F-4EAC-B044-82E4B3C453CA}.Ad-Hoc|Mixed Platforms.Build.0 = Release|x86
		{40538FC4-949F-4EAC-B044-82E4B3C453CA}.Ad-Hoc|x64.ActiveCfg = Release|x64
		{40538FC4-949F-4EAC-B044-82E4B3C453CA}.Ad-Hoc|x64.Build.0 = Release|x64
		{40538FC4-949F-4EAC-B044-82E4B3C453CA}.Ad-Hoc|x86.ActiveCfg = Release|x86
		{40538FC4-949F-4EAC-B044-82E4B3C453CA}.Ad-Hoc|x86.Build.0 = Release|x86
		{40538FC4-949F-4EAC-B044-82E4B3C453CA}.AppStore|Any CPU.ActiveCfg = Release|Any CPU
		{40538FC4-949F-4EAC-B044-82E4B3C453CA}.AppStore|Any CPU.Build.0 = Release|Any CPU
		{40538FC4-949F-4EAC-B044-82E4B3C453CA}.AppStore|ARM.ActiveCfg = Release|ARM
		{40538FC4-949F-4EAC-B044-82E4B3C453CA}.AppStore|ARM.Build.0 = Release|ARM
		{40538FC4-949F-4EAC-B044-82E4B3C453CA}.AppStore|iPhone.ActiveCfg = Release|Any CPU
		{40538FC4-949F-4EAC-B044-82E4B3C453CA}.AppStore|iPhoneSimulator.ActiveCfg = Release|Any CPU
		{40538FC4-949F-4EAC-B044-82E4B3C453CA}.AppStore|Mixed Platforms.ActiveCfg = Release|x86
		{40538FC4-949F-4EAC-B044-82E4B3C453CA}.AppStore|Mixed Platforms.Build.0 = Release|x86
		{40538FC4-949F-4EAC-B044-82E4B3C453CA}.AppStore|x64.ActiveCfg = Release|x64
		{40538FC4-949F-4EAC-B044-82E4B3C453CA}.AppStore|x64.Build.0 = Release|x64
		{40538FC4-949F-4EAC-B044-82E4B3C453CA}.AppStore|x86.ActiveCfg = Release|x86
		{40538FC4-949F-4EAC-B044-82E4B3C453CA}.AppStore|x86.Build.0 = Release|x86
		{40538FC4-949F-4EAC-B044-82E4B3C453CA}.Debug|Any CPU.ActiveCfg = Debug|Any CPU
		{40538FC4-949F-4EAC-B044-82E4B3C453CA}.Debug|Any CPU.Build.0 = Debug|Any CPU
		{40538FC4-949F-4EAC-B044-82E4B3C453CA}.Debug|ARM.ActiveCfg = Debug|ARM
		{40538FC4-949F-4EAC-B044-82E4B3C453CA}.Debug|ARM.Build.0 = Debug|ARM
		{40538FC4-949F-4EAC-B044-82E4B3C453CA}.Debug|iPhone.ActiveCfg = Debug|Any CPU
		{40538FC4-949F-4EAC-B044-82E4B3C453CA}.Debug|iPhoneSimulator.ActiveCfg = Debug|Any CPU
		{40538FC4-949F-4EAC-B044-82E4B3C453CA}.Debug|Mixed Platforms.ActiveCfg = Debug|x86
		{40538FC4-949F-4EAC-B044-82E4B3C453CA}.Debug|Mixed Platforms.Build.0 = Debug|x86
		{40538FC4-949F-4EAC-B044-82E4B3C453CA}.Debug|x64.ActiveCfg = Debug|x64
		{40538FC4-949F-4EAC-B044-82E4B3C453CA}.Debug|x64.Build.0 = Debug|x64
		{40538FC4-949F-4EAC-B044-82E4B3C453CA}.Debug|x86.ActiveCfg = Debug|x86
		{40538FC4-949F-4EAC-B044-82E4B3C453CA}.Debug|x86.Build.0 = Debug|x86
		{40538FC4-949F-4EAC-B044-82E4B3C453CA}.Release|Any CPU.ActiveCfg = Release|Any CPU
		{40538FC4-949F-4EAC-B044-82E4B3C453CA}.Release|Any CPU.Build.0 = Release|Any CPU
		{40538FC4-949F-4EAC-B044-82E4B3C453CA}.Release|ARM.ActiveCfg = Release|ARM
		{40538FC4-949F-4EAC-B044-82E4B3C453CA}.Release|ARM.Build.0 = Release|ARM
		{40538FC4-949F-4EAC-B044-82E4B3C453CA}.Release|iPhone.ActiveCfg = Release|Any CPU
		{40538FC4-949F-4EAC-B044-82E4B3C453CA}.Release|iPhoneSimulator.ActiveCfg = Release|Any CPU
		{40538FC4-949F-4EAC-B044-82E4B3C453CA}.Release|Mixed Platforms.ActiveCfg = Release|x86
		{40538FC4-949F-4EAC-B044-82E4B3C453CA}.Release|Mixed Platforms.Build.0 = Release|x86
		{40538FC4-949F-4EAC-B044-82E4B3C453CA}.Release|x64.ActiveCfg = Release|x64
		{40538FC4-949F-4EAC-B044-82E4B3C453CA}.Release|x64.Build.0 = Release|x64
		{40538FC4-949F-4EAC-B044-82E4B3C453CA}.Release|x86.ActiveCfg = Release|x86
		{40538FC4-949F-4EAC-B044-82E4B3C453CA}.Release|x86.Build.0 = Release|x86
		{63BE7DBF-7D21-4C58-9CC5-DDE4AAA5190F}.Ad-Hoc|Any CPU.ActiveCfg = Release|Any CPU
		{63BE7DBF-7D21-4C58-9CC5-DDE4AAA5190F}.Ad-Hoc|Any CPU.Build.0 = Release|Any CPU
		{63BE7DBF-7D21-4C58-9CC5-DDE4AAA5190F}.Ad-Hoc|Any CPU.Deploy.0 = Release|Any CPU
		{63BE7DBF-7D21-4C58-9CC5-DDE4AAA5190F}.Ad-Hoc|ARM.ActiveCfg = Release|ARM
		{63BE7DBF-7D21-4C58-9CC5-DDE4AAA5190F}.Ad-Hoc|ARM.Build.0 = Release|ARM
		{63BE7DBF-7D21-4C58-9CC5-DDE4AAA5190F}.Ad-Hoc|ARM.Deploy.0 = Release|ARM
		{63BE7DBF-7D21-4C58-9CC5-DDE4AAA5190F}.Ad-Hoc|iPhone.ActiveCfg = Release|Any CPU
		{63BE7DBF-7D21-4C58-9CC5-DDE4AAA5190F}.Ad-Hoc|iPhoneSimulator.ActiveCfg = Release|Any CPU
		{63BE7DBF-7D21-4C58-9CC5-DDE4AAA5190F}.Ad-Hoc|Mixed Platforms.ActiveCfg = Release|x86
		{63BE7DBF-7D21-4C58-9CC5-DDE4AAA5190F}.Ad-Hoc|Mixed Platforms.Build.0 = Release|x86
		{63BE7DBF-7D21-4C58-9CC5-DDE4AAA5190F}.Ad-Hoc|Mixed Platforms.Deploy.0 = Release|x86
		{63BE7DBF-7D21-4C58-9CC5-DDE4AAA5190F}.Ad-Hoc|x64.ActiveCfg = Release|x64
		{63BE7DBF-7D21-4C58-9CC5-DDE4AAA5190F}.Ad-Hoc|x64.Build.0 = Release|x64
		{63BE7DBF-7D21-4C58-9CC5-DDE4AAA5190F}.Ad-Hoc|x64.Deploy.0 = Release|x64
		{63BE7DBF-7D21-4C58-9CC5-DDE4AAA5190F}.Ad-Hoc|x86.ActiveCfg = Release|x86
		{63BE7DBF-7D21-4C58-9CC5-DDE4AAA5190F}.Ad-Hoc|x86.Build.0 = Release|x86
		{63BE7DBF-7D21-4C58-9CC5-DDE4AAA5190F}.Ad-Hoc|x86.Deploy.0 = Release|x86
		{63BE7DBF-7D21-4C58-9CC5-DDE4AAA5190F}.AppStore|Any CPU.ActiveCfg = Release|Any CPU
		{63BE7DBF-7D21-4C58-9CC5-DDE4AAA5190F}.AppStore|Any CPU.Build.0 = Release|Any CPU
		{63BE7DBF-7D21-4C58-9CC5-DDE4AAA5190F}.AppStore|Any CPU.Deploy.0 = Release|Any CPU
		{63BE7DBF-7D21-4C58-9CC5-DDE4AAA5190F}.AppStore|ARM.ActiveCfg = Release|ARM
		{63BE7DBF-7D21-4C58-9CC5-DDE4AAA5190F}.AppStore|ARM.Build.0 = Release|ARM
		{63BE7DBF-7D21-4C58-9CC5-DDE4AAA5190F}.AppStore|ARM.Deploy.0 = Release|ARM
		{63BE7DBF-7D21-4C58-9CC5-DDE4AAA5190F}.AppStore|iPhone.ActiveCfg = Release|Any CPU
		{63BE7DBF-7D21-4C58-9CC5-DDE4AAA5190F}.AppStore|iPhoneSimulator.ActiveCfg = Release|Any CPU
		{63BE7DBF-7D21-4C58-9CC5-DDE4AAA5190F}.AppStore|Mixed Platforms.ActiveCfg = Release|x86
		{63BE7DBF-7D21-4C58-9CC5-DDE4AAA5190F}.AppStore|Mixed Platforms.Build.0 = Release|x86
		{63BE7DBF-7D21-4C58-9CC5-DDE4AAA5190F}.AppStore|Mixed Platforms.Deploy.0 = Release|x86
		{63BE7DBF-7D21-4C58-9CC5-DDE4AAA5190F}.AppStore|x64.ActiveCfg = Release|x64
		{63BE7DBF-7D21-4C58-9CC5-DDE4AAA5190F}.AppStore|x64.Build.0 = Release|x64
		{63BE7DBF-7D21-4C58-9CC5-DDE4AAA5190F}.AppStore|x64.Deploy.0 = Release|x64
		{63BE7DBF-7D21-4C58-9CC5-DDE4AAA5190F}.AppStore|x86.ActiveCfg = Release|x86
		{63BE7DBF-7D21-4C58-9CC5-DDE4AAA5190F}.AppStore|x86.Build.0 = Release|x86
		{63BE7DBF-7D21-4C58-9CC5-DDE4AAA5190F}.AppStore|x86.Deploy.0 = Release|x86
		{63BE7DBF-7D21-4C58-9CC5-DDE4AAA5190F}.Debug|Any CPU.ActiveCfg = Debug|Any CPU
		{63BE7DBF-7D21-4C58-9CC5-DDE4AAA5190F}.Debug|Any CPU.Build.0 = Debug|Any CPU
		{63BE7DBF-7D21-4C58-9CC5-DDE4AAA5190F}.Debug|Any CPU.Deploy.0 = Debug|Any CPU
		{63BE7DBF-7D21-4C58-9CC5-DDE4AAA5190F}.Debug|ARM.ActiveCfg = Debug|ARM
		{63BE7DBF-7D21-4C58-9CC5-DDE4AAA5190F}.Debug|ARM.Build.0 = Debug|ARM
		{63BE7DBF-7D21-4C58-9CC5-DDE4AAA5190F}.Debug|ARM.Deploy.0 = Debug|ARM
		{63BE7DBF-7D21-4C58-9CC5-DDE4AAA5190F}.Debug|iPhone.ActiveCfg = Debug|Any CPU
		{63BE7DBF-7D21-4C58-9CC5-DDE4AAA5190F}.Debug|iPhoneSimulator.ActiveCfg = Debug|Any CPU
		{63BE7DBF-7D21-4C58-9CC5-DDE4AAA5190F}.Debug|iPhoneSimulator.Build.0 = Debug|Any CPU
		{63BE7DBF-7D21-4C58-9CC5-DDE4AAA5190F}.Debug|iPhoneSimulator.Deploy.0 = Debug|Any CPU
		{63BE7DBF-7D21-4C58-9CC5-DDE4AAA5190F}.Debug|Mixed Platforms.ActiveCfg = Debug|x86
		{63BE7DBF-7D21-4C58-9CC5-DDE4AAA5190F}.Debug|Mixed Platforms.Build.0 = Debug|x86
		{63BE7DBF-7D21-4C58-9CC5-DDE4AAA5190F}.Debug|Mixed Platforms.Deploy.0 = Debug|x86
		{63BE7DBF-7D21-4C58-9CC5-DDE4AAA5190F}.Debug|x64.ActiveCfg = Debug|x64
		{63BE7DBF-7D21-4C58-9CC5-DDE4AAA5190F}.Debug|x64.Build.0 = Debug|x64
		{63BE7DBF-7D21-4C58-9CC5-DDE4AAA5190F}.Debug|x64.Deploy.0 = Debug|x64
		{63BE7DBF-7D21-4C58-9CC5-DDE4AAA5190F}.Debug|x86.ActiveCfg = Debug|x86
		{63BE7DBF-7D21-4C58-9CC5-DDE4AAA5190F}.Debug|x86.Build.0 = Debug|x86
		{63BE7DBF-7D21-4C58-9CC5-DDE4AAA5190F}.Debug|x86.Deploy.0 = Debug|x86
		{63BE7DBF-7D21-4C58-9CC5-DDE4AAA5190F}.Release|Any CPU.ActiveCfg = Release|Any CPU
		{63BE7DBF-7D21-4C58-9CC5-DDE4AAA5190F}.Release|Any CPU.Build.0 = Release|Any CPU
		{63BE7DBF-7D21-4C58-9CC5-DDE4AAA5190F}.Release|Any CPU.Deploy.0 = Release|Any CPU
		{63BE7DBF-7D21-4C58-9CC5-DDE4AAA5190F}.Release|ARM.ActiveCfg = Release|ARM
		{63BE7DBF-7D21-4C58-9CC5-DDE4AAA5190F}.Release|ARM.Build.0 = Release|ARM
		{63BE7DBF-7D21-4C58-9CC5-DDE4AAA5190F}.Release|ARM.Deploy.0 = Release|ARM
		{63BE7DBF-7D21-4C58-9CC5-DDE4AAA5190F}.Release|iPhone.ActiveCfg = Release|Any CPU
		{63BE7DBF-7D21-4C58-9CC5-DDE4AAA5190F}.Release|iPhoneSimulator.ActiveCfg = Release|Any CPU
		{63BE7DBF-7D21-4C58-9CC5-DDE4AAA5190F}.Release|Mixed Platforms.ActiveCfg = Release|x86
		{63BE7DBF-7D21-4C58-9CC5-DDE4AAA5190F}.Release|Mixed Platforms.Build.0 = Release|x86
		{63BE7DBF-7D21-4C58-9CC5-DDE4AAA5190F}.Release|Mixed Platforms.Deploy.0 = Release|x86
		{63BE7DBF-7D21-4C58-9CC5-DDE4AAA5190F}.Release|x64.ActiveCfg = Release|x64
		{63BE7DBF-7D21-4C58-9CC5-DDE4AAA5190F}.Release|x64.Build.0 = Release|x64
		{63BE7DBF-7D21-4C58-9CC5-DDE4AAA5190F}.Release|x64.Deploy.0 = Release|x64
		{63BE7DBF-7D21-4C58-9CC5-DDE4AAA5190F}.Release|x86.ActiveCfg = Release|x86
		{63BE7DBF-7D21-4C58-9CC5-DDE4AAA5190F}.Release|x86.Build.0 = Release|x86
		{63BE7DBF-7D21-4C58-9CC5-DDE4AAA5190F}.Release|x86.Deploy.0 = Release|x86
		{CAB9F4C9-6458-404D-AA32-523FDA3EB2C8}.Ad-Hoc|Any CPU.ActiveCfg = Release|Any CPU
		{CAB9F4C9-6458-404D-AA32-523FDA3EB2C8}.Ad-Hoc|Any CPU.Build.0 = Release|Any CPU
		{CAB9F4C9-6458-404D-AA32-523FDA3EB2C8}.Ad-Hoc|ARM.ActiveCfg = Release|ARM
		{CAB9F4C9-6458-404D-AA32-523FDA3EB2C8}.Ad-Hoc|ARM.Build.0 = Release|ARM
		{CAB9F4C9-6458-404D-AA32-523FDA3EB2C8}.Ad-Hoc|iPhone.ActiveCfg = Release|Any CPU
		{CAB9F4C9-6458-404D-AA32-523FDA3EB2C8}.Ad-Hoc|iPhoneSimulator.ActiveCfg = Release|Any CPU
		{CAB9F4C9-6458-404D-AA32-523FDA3EB2C8}.Ad-Hoc|Mixed Platforms.ActiveCfg = Release|x86
		{CAB9F4C9-6458-404D-AA32-523FDA3EB2C8}.Ad-Hoc|Mixed Platforms.Build.0 = Release|x86
		{CAB9F4C9-6458-404D-AA32-523FDA3EB2C8}.Ad-Hoc|x64.ActiveCfg = Release|Any CPU
		{CAB9F4C9-6458-404D-AA32-523FDA3EB2C8}.Ad-Hoc|x86.ActiveCfg = Release|x86
		{CAB9F4C9-6458-404D-AA32-523FDA3EB2C8}.Ad-Hoc|x86.Build.0 = Release|x86
		{CAB9F4C9-6458-404D-AA32-523FDA3EB2C8}.AppStore|Any CPU.ActiveCfg = Release|Any CPU
		{CAB9F4C9-6458-404D-AA32-523FDA3EB2C8}.AppStore|Any CPU.Build.0 = Release|Any CPU
		{CAB9F4C9-6458-404D-AA32-523FDA3EB2C8}.AppStore|ARM.ActiveCfg = Release|ARM
		{CAB9F4C9-6458-404D-AA32-523FDA3EB2C8}.AppStore|ARM.Build.0 = Release|ARM
		{CAB9F4C9-6458-404D-AA32-523FDA3EB2C8}.AppStore|iPhone.ActiveCfg = Release|Any CPU
		{CAB9F4C9-6458-404D-AA32-523FDA3EB2C8}.AppStore|iPhoneSimulator.ActiveCfg = Release|Any CPU
		{CAB9F4C9-6458-404D-AA32-523FDA3EB2C8}.AppStore|Mixed Platforms.ActiveCfg = Release|x86
		{CAB9F4C9-6458-404D-AA32-523FDA3EB2C8}.AppStore|Mixed Platforms.Build.0 = Release|x86
		{CAB9F4C9-6458-404D-AA32-523FDA3EB2C8}.AppStore|x64.ActiveCfg = Release|Any CPU
		{CAB9F4C9-6458-404D-AA32-523FDA3EB2C8}.AppStore|x86.ActiveCfg = Release|x86
		{CAB9F4C9-6458-404D-AA32-523FDA3EB2C8}.AppStore|x86.Build.0 = Release|x86
		{CAB9F4C9-6458-404D-AA32-523FDA3EB2C8}.Debug|Any CPU.ActiveCfg = Debug|Any CPU
		{CAB9F4C9-6458-404D-AA32-523FDA3EB2C8}.Debug|Any CPU.Build.0 = Debug|Any CPU
		{CAB9F4C9-6458-404D-AA32-523FDA3EB2C8}.Debug|ARM.ActiveCfg = Debug|ARM
		{CAB9F4C9-6458-404D-AA32-523FDA3EB2C8}.Debug|ARM.Build.0 = Debug|ARM
		{CAB9F4C9-6458-404D-AA32-523FDA3EB2C8}.Debug|iPhone.ActiveCfg = Debug|Any CPU
		{CAB9F4C9-6458-404D-AA32-523FDA3EB2C8}.Debug|iPhoneSimulator.ActiveCfg = Debug|Any CPU
		{CAB9F4C9-6458-404D-AA32-523FDA3EB2C8}.Debug|Mixed Platforms.ActiveCfg = Debug|x86
		{CAB9F4C9-6458-404D-AA32-523FDA3EB2C8}.Debug|Mixed Platforms.Build.0 = Debug|x86
		{CAB9F4C9-6458-404D-AA32-523FDA3EB2C8}.Debug|x64.ActiveCfg = Debug|Any CPU
		{CAB9F4C9-6458-404D-AA32-523FDA3EB2C8}.Debug|x86.ActiveCfg = Debug|x86
		{CAB9F4C9-6458-404D-AA32-523FDA3EB2C8}.Debug|x86.Build.0 = Debug|x86
		{CAB9F4C9-6458-404D-AA32-523FDA3EB2C8}.Release|Any CPU.ActiveCfg = Release|Any CPU
		{CAB9F4C9-6458-404D-AA32-523FDA3EB2C8}.Release|Any CPU.Build.0 = Release|Any CPU
		{CAB9F4C9-6458-404D-AA32-523FDA3EB2C8}.Release|ARM.ActiveCfg = Release|ARM
		{CAB9F4C9-6458-404D-AA32-523FDA3EB2C8}.Release|ARM.Build.0 = Release|ARM
		{CAB9F4C9-6458-404D-AA32-523FDA3EB2C8}.Release|iPhone.ActiveCfg = Release|Any CPU
		{CAB9F4C9-6458-404D-AA32-523FDA3EB2C8}.Release|iPhoneSimulator.ActiveCfg = Release|Any CPU
		{CAB9F4C9-6458-404D-AA32-523FDA3EB2C8}.Release|Mixed Platforms.ActiveCfg = Release|x86
		{CAB9F4C9-6458-404D-AA32-523FDA3EB2C8}.Release|Mixed Platforms.Build.0 = Release|x86
		{CAB9F4C9-6458-404D-AA32-523FDA3EB2C8}.Release|x64.ActiveCfg = Release|Any CPU
		{CAB9F4C9-6458-404D-AA32-523FDA3EB2C8}.Release|x86.ActiveCfg = Release|x86
		{CAB9F4C9-6458-404D-AA32-523FDA3EB2C8}.Release|x86.Build.0 = Release|x86
		{721AE0A3-19CA-4951-B531-93BA30377422}.Ad-Hoc|Any CPU.ActiveCfg = Release|Any CPU
		{721AE0A3-19CA-4951-B531-93BA30377422}.Ad-Hoc|Any CPU.Build.0 = Release|Any CPU
		{721AE0A3-19CA-4951-B531-93BA30377422}.Ad-Hoc|Any CPU.Deploy.0 = Release|Any CPU
		{721AE0A3-19CA-4951-B531-93BA30377422}.Ad-Hoc|ARM.ActiveCfg = Release|ARM
		{721AE0A3-19CA-4951-B531-93BA30377422}.Ad-Hoc|ARM.Build.0 = Release|ARM
		{721AE0A3-19CA-4951-B531-93BA30377422}.Ad-Hoc|ARM.Deploy.0 = Release|ARM
		{721AE0A3-19CA-4951-B531-93BA30377422}.Ad-Hoc|iPhone.ActiveCfg = Release|Any CPU
		{721AE0A3-19CA-4951-B531-93BA30377422}.Ad-Hoc|iPhoneSimulator.ActiveCfg = Release|Any CPU
		{721AE0A3-19CA-4951-B531-93BA30377422}.Ad-Hoc|Mixed Platforms.ActiveCfg = Release|x86
		{721AE0A3-19CA-4951-B531-93BA30377422}.Ad-Hoc|Mixed Platforms.Build.0 = Release|x86
		{721AE0A3-19CA-4951-B531-93BA30377422}.Ad-Hoc|Mixed Platforms.Deploy.0 = Release|x86
		{721AE0A3-19CA-4951-B531-93BA30377422}.Ad-Hoc|x64.ActiveCfg = Release|Any CPU
		{721AE0A3-19CA-4951-B531-93BA30377422}.Ad-Hoc|x86.ActiveCfg = Release|x86
		{721AE0A3-19CA-4951-B531-93BA30377422}.Ad-Hoc|x86.Build.0 = Release|x86
		{721AE0A3-19CA-4951-B531-93BA30377422}.Ad-Hoc|x86.Deploy.0 = Release|x86
		{721AE0A3-19CA-4951-B531-93BA30377422}.AppStore|Any CPU.ActiveCfg = Release|Any CPU
		{721AE0A3-19CA-4951-B531-93BA30377422}.AppStore|Any CPU.Build.0 = Release|Any CPU
		{721AE0A3-19CA-4951-B531-93BA30377422}.AppStore|Any CPU.Deploy.0 = Release|Any CPU
		{721AE0A3-19CA-4951-B531-93BA30377422}.AppStore|ARM.ActiveCfg = Release|ARM
		{721AE0A3-19CA-4951-B531-93BA30377422}.AppStore|ARM.Build.0 = Release|ARM
		{721AE0A3-19CA-4951-B531-93BA30377422}.AppStore|ARM.Deploy.0 = Release|ARM
		{721AE0A3-19CA-4951-B531-93BA30377422}.AppStore|iPhone.ActiveCfg = Release|Any CPU
		{721AE0A3-19CA-4951-B531-93BA30377422}.AppStore|iPhoneSimulator.ActiveCfg = Release|Any CPU
		{721AE0A3-19CA-4951-B531-93BA30377422}.AppStore|Mixed Platforms.ActiveCfg = Release|x86
		{721AE0A3-19CA-4951-B531-93BA30377422}.AppStore|Mixed Platforms.Build.0 = Release|x86
		{721AE0A3-19CA-4951-B531-93BA30377422}.AppStore|Mixed Platforms.Deploy.0 = Release|x86
		{721AE0A3-19CA-4951-B531-93BA30377422}.AppStore|x64.ActiveCfg = Release|Any CPU
		{721AE0A3-19CA-4951-B531-93BA30377422}.AppStore|x86.ActiveCfg = Release|x86
		{721AE0A3-19CA-4951-B531-93BA30377422}.AppStore|x86.Build.0 = Release|x86
		{721AE0A3-19CA-4951-B531-93BA30377422}.AppStore|x86.Deploy.0 = Release|x86
		{721AE0A3-19CA-4951-B531-93BA30377422}.Debug|Any CPU.ActiveCfg = Debug|Any CPU
		{721AE0A3-19CA-4951-B531-93BA30377422}.Debug|Any CPU.Build.0 = Debug|Any CPU
		{721AE0A3-19CA-4951-B531-93BA30377422}.Debug|Any CPU.Deploy.0 = Debug|Any CPU
		{721AE0A3-19CA-4951-B531-93BA30377422}.Debug|ARM.ActiveCfg = Debug|ARM
		{721AE0A3-19CA-4951-B531-93BA30377422}.Debug|ARM.Build.0 = Debug|ARM
		{721AE0A3-19CA-4951-B531-93BA30377422}.Debug|ARM.Deploy.0 = Debug|ARM
		{721AE0A3-19CA-4951-B531-93BA30377422}.Debug|iPhone.ActiveCfg = Debug|Any CPU
		{721AE0A3-19CA-4951-B531-93BA30377422}.Debug|iPhoneSimulator.ActiveCfg = Debug|Any CPU
		{721AE0A3-19CA-4951-B531-93BA30377422}.Debug|Mixed Platforms.ActiveCfg = Debug|x86
		{721AE0A3-19CA-4951-B531-93BA30377422}.Debug|Mixed Platforms.Build.0 = Debug|x86
		{721AE0A3-19CA-4951-B531-93BA30377422}.Debug|Mixed Platforms.Deploy.0 = Debug|x86
		{721AE0A3-19CA-4951-B531-93BA30377422}.Debug|x64.ActiveCfg = Debug|Any CPU
		{721AE0A3-19CA-4951-B531-93BA30377422}.Debug|x86.ActiveCfg = Debug|x86
		{721AE0A3-19CA-4951-B531-93BA30377422}.Debug|x86.Build.0 = Debug|x86
		{721AE0A3-19CA-4951-B531-93BA30377422}.Debug|x86.Deploy.0 = Debug|x86
		{721AE0A3-19CA-4951-B531-93BA30377422}.Release|Any CPU.ActiveCfg = Release|Any CPU
		{721AE0A3-19CA-4951-B531-93BA30377422}.Release|Any CPU.Build.0 = Release|Any CPU
		{721AE0A3-19CA-4951-B531-93BA30377422}.Release|Any CPU.Deploy.0 = Release|Any CPU
		{721AE0A3-19CA-4951-B531-93BA30377422}.Release|ARM.ActiveCfg = Release|ARM
		{721AE0A3-19CA-4951-B531-93BA30377422}.Release|ARM.Build.0 = Release|ARM
		{721AE0A3-19CA-4951-B531-93BA30377422}.Release|ARM.Deploy.0 = Release|ARM
		{721AE0A3-19CA-4951-B531-93BA30377422}.Release|iPhone.ActiveCfg = Release|Any CPU
		{721AE0A3-19CA-4951-B531-93BA30377422}.Release|iPhoneSimulator.ActiveCfg = Release|Any CPU
		{721AE0A3-19CA-4951-B531-93BA30377422}.Release|Mixed Platforms.ActiveCfg = Release|x86
		{721AE0A3-19CA-4951-B531-93BA30377422}.Release|Mixed Platforms.Build.0 = Release|x86
		{721AE0A3-19CA-4951-B531-93BA30377422}.Release|Mixed Platforms.Deploy.0 = Release|x86
		{721AE0A3-19CA-4951-B531-93BA30377422}.Release|x64.ActiveCfg = Release|Any CPU
		{721AE0A3-19CA-4951-B531-93BA30377422}.Release|x86.ActiveCfg = Release|x86
		{721AE0A3-19CA-4951-B531-93BA30377422}.Release|x86.Build.0 = Release|x86
		{721AE0A3-19CA-4951-B531-93BA30377422}.Release|x86.Deploy.0 = Release|x86
	EndGlobalSection
	GlobalSection(SolutionProperties) = preSolution
		HideSolutionNode = FALSE
	EndGlobalSection
	GlobalSection(MonoDevelopProperties) = preSolution
		StartupItem = demo.iOS\demo.iOS.csproj
	EndGlobalSection
EndGlobal
