
Microsoft Visual Studio Solution File, Format Version 12.00
# Visual Studio 2012
VisualStudioVersion = 12.0.30501.0
MinimumVisualStudioVersion = 10.0.40219.1
Project("{FAE04EC0-301F-11D3-BF4B-00C04F79EFBC}") = "samples", "samples\samples.csproj", "{E1CCE1FE-3C68-4BB9-9BA8-F22A07D039ED}"
EndProject
Project("{FAE04EC0-301F-11D3-BF4B-00C04F79EFBC}") = "DataGrid", "..\DataGrid\DataGrid.csproj", "{136A26E9-4EB9-4399-9379-E06AD94B537B}"
EndProject
Project("{FAE04EC0-301F-11D3-BF4B-00C04F79EFBC}") = "DataGrid.iOS", "..\DataGrid.iOS\DataGrid.iOS.csproj", "{54100CBB-5172-49F8-A2DB-6DA2AFDDB73F}"
EndProject
Project("{FAE04EC0-301F-11D3-BF4B-00C04F79EFBC}") = "samples.iOS", "samples.iOS\samples.iOS.csproj", "{925578DB-5B5F-4F44-9842-6D565F37D58C}"
EndProject
Project("{FAE04EC0-301F-11D3-BF4B-00C04F79EFBC}") = "DataGrid.Android", "..\DataGrid.Android\DataGrid.Android.csproj", "{B7896132-F0D8-4D8C-8540-69521C3A8D77}"
EndProject
Project("{FAE04EC0-301F-11D3-BF4B-00C04F79EFBC}") = "samples.WinPhone", "samples.WinPhone\samples.WinPhone.csproj", "{4A3E0A64-CDD7-4255-90FB-733C4B343E90}"
EndProject
Project("{FAE04EC0-301F-11D3-BF4B-00C04F79EFBC}") = "DataGrid.WinPhone", "..\DataGrid.WinPhone\DataGrid.WinPhone.csproj", "{DC2005BE-9E6D-426A-B914-FD6AEB0DCAE3}"
EndProject
Project("{FAE04EC0-301F-11D3-BF4B-00C04F79EFBC}") = "samples.Android", "samples.Android\samples.Android.csproj", "{5145F08E-05FA-4560-9CB3-4E81508596FC}"
EndProject
Project("{FAE04EC0-301F-11D3-BF4B-00C04F79EFBC}") = "samples.Unified", "samples.Unified\samples.Unified.csproj", "{28C9AE83-07F8-4C13-9A0F-8315E43E00C5}"
EndProject
Project("{FAE04EC0-301F-11D3-BF4B-00C04F79EFBC}") = "DataGrid.Unified", "..\DataGrid.Unified\DataGrid.Unified.csproj", "{4474E753-0AC7-4616-8AC9-833B8EB53657}"
EndProject
Global
	GlobalSection(SolutionConfigurationPlatforms) = preSolution
		Ad-Hoc|Any CPU = Ad-Hoc|Any CPU
		Ad-Hoc|iPhone = Ad-Hoc|iPhone
		Ad-Hoc|iPhoneSimulator = Ad-Hoc|iPhoneSimulator
		AppStore|Any CPU = AppStore|Any CPU
		AppStore|iPhone = AppStore|iPhone
		AppStore|iPhoneSimulator = AppStore|iPhoneSimulator
		Debug|Any CPU = Debug|Any CPU
		Debug|iPhone = Debug|iPhone
		Debug|iPhoneSimulator = Debug|iPhoneSimulator
		Release|Any CPU = Release|Any CPU
		Release|iPhone = Release|iPhone
		Release|iPhoneSimulator = Release|iPhoneSimulator
		Trial|Any CPU = Trial|Any CPU
	EndGlobalSection
	GlobalSection(ProjectConfigurationPlatforms) = postSolution
		{136A26E9-4EB9-4399-9379-E06AD94B537B}.Ad-Hoc|Any CPU.ActiveCfg = Release|Any CPU
		{136A26E9-4EB9-4399-9379-E06AD94B537B}.Ad-Hoc|iPhone.ActiveCfg = Debug|Any CPU
		{136A26E9-4EB9-4399-9379-E06AD94B537B}.Ad-Hoc|iPhone.Build.0 = Debug|Any CPU
		{136A26E9-4EB9-4399-9379-E06AD94B537B}.Ad-Hoc|iPhoneSimulator.ActiveCfg = Release|Any CPU
		{136A26E9-4EB9-4399-9379-E06AD94B537B}.AppStore|Any CPU.ActiveCfg = Release|Any CPU
		{136A26E9-4EB9-4399-9379-E06AD94B537B}.AppStore|iPhone.ActiveCfg = Debug|Any CPU
		{136A26E9-4EB9-4399-9379-E06AD94B537B}.AppStore|iPhone.Build.0 = Debug|Any CPU
		{136A26E9-4EB9-4399-9379-E06AD94B537B}.AppStore|iPhoneSimulator.ActiveCfg = Release|Any CPU
		{136A26E9-4EB9-4399-9379-E06AD94B537B}.Debug|Any CPU.ActiveCfg = Debug|Any CPU
		{136A26E9-4EB9-4399-9379-E06AD94B537B}.Debug|Any CPU.Build.0 = Debug|Any CPU
		{136A26E9-4EB9-4399-9379-E06AD94B537B}.Debug|iPhone.ActiveCfg = Debug|Any CPU
		{136A26E9-4EB9-4399-9379-E06AD94B537B}.Debug|iPhone.Build.0 = Debug|Any CPU
		{136A26E9-4EB9-4399-9379-E06AD94B537B}.Debug|iPhoneSimulator.ActiveCfg = Debug|Any CPU
		{136A26E9-4EB9-4399-9379-E06AD94B537B}.Debug|iPhoneSimulator.Build.0 = Debug|Any CPU
		{136A26E9-4EB9-4399-9379-E06AD94B537B}.Release|Any CPU.ActiveCfg = Release|Any CPU
		{136A26E9-4EB9-4399-9379-E06AD94B537B}.Release|Any CPU.Build.0 = Release|Any CPU
		{136A26E9-4EB9-4399-9379-E06AD94B537B}.Release|iPhone.ActiveCfg = Release|Any CPU
		{136A26E9-4EB9-4399-9379-E06AD94B537B}.Release|iPhone.Build.0 = Release|Any CPU
		{136A26E9-4EB9-4399-9379-E06AD94B537B}.Release|iPhoneSimulator.ActiveCfg = Release|Any CPU
		{136A26E9-4EB9-4399-9379-E06AD94B537B}.Release|iPhoneSimulator.Build.0 = Release|Any CPU
		{136A26E9-4EB9-4399-9379-E06AD94B537B}.Trial|Any CPU.ActiveCfg = Trial|Any CPU
		{136A26E9-4EB9-4399-9379-E06AD94B537B}.Trial|Any CPU.Build.0 = Trial|Any CPU
		{28C9AE83-07F8-4C13-9A0F-8315E43E00C5}.Ad-Hoc|Any CPU.ActiveCfg = Ad-Hoc|iPhone
		{28C9AE83-07F8-4C13-9A0F-8315E43E00C5}.Ad-Hoc|Any CPU.Build.0 = Ad-Hoc|iPhone
		{28C9AE83-07F8-4C13-9A0F-8315E43E00C5}.Ad-Hoc|iPhone.ActiveCfg = Ad-Hoc|iPhone
		{28C9AE83-07F8-4C13-9A0F-8315E43E00C5}.Ad-Hoc|iPhone.Build.0 = Ad-Hoc|iPhone
		{28C9AE83-07F8-4C13-9A0F-8315E43E00C5}.Ad-Hoc|iPhoneSimulator.ActiveCfg = Ad-Hoc|iPhone
		{28C9AE83-07F8-4C13-9A0F-8315E43E00C5}.Ad-Hoc|iPhoneSimulator.Build.0 = Ad-Hoc|iPhone
		{28C9AE83-07F8-4C13-9A0F-8315E43E00C5}.AppStore|Any CPU.ActiveCfg = AppStore|iPhone
		{28C9AE83-07F8-4C13-9A0F-8315E43E00C5}.AppStore|Any CPU.Build.0 = AppStore|iPhone
		{28C9AE83-07F8-4C13-9A0F-8315E43E00C5}.AppStore|iPhone.ActiveCfg = AppStore|iPhone
		{28C9AE83-07F8-4C13-9A0F-8315E43E00C5}.AppStore|iPhone.Build.0 = AppStore|iPhone
		{28C9AE83-07F8-4C13-9A0F-8315E43E00C5}.AppStore|iPhoneSimulator.ActiveCfg = AppStore|iPhone
		{28C9AE83-07F8-4C13-9A0F-8315E43E00C5}.AppStore|iPhoneSimulator.Build.0 = AppStore|iPhone
		{28C9AE83-07F8-4C13-9A0F-8315E43E00C5}.Debug|Any CPU.ActiveCfg = Debug|iPhone
		{28C9AE83-07F8-4C13-9A0F-8315E43E00C5}.Debug|Any CPU.Build.0 = Debug|iPhone
		{28C9AE83-07F8-4C13-9A0F-8315E43E00C5}.Debug|iPhone.ActiveCfg = Debug|iPhone
		{28C9AE83-07F8-4C13-9A0F-8315E43E00C5}.Debug|iPhone.Build.0 = Debug|iPhone
		{28C9AE83-07F8-4C13-9A0F-8315E43E00C5}.Debug|iPhoneSimulator.ActiveCfg = Debug|iPhoneSimulator
		{28C9AE83-07F8-4C13-9A0F-8315E43E00C5}.Debug|iPhoneSimulator.Build.0 = Debug|iPhoneSimulator
		{28C9AE83-07F8-4C13-9A0F-8315E43E00C5}.Release|Any CPU.ActiveCfg = Release|iPhoneSimulator
		{28C9AE83-07F8-4C13-9A0F-8315E43E00C5}.Release|Any CPU.Build.0 = Release|iPhoneSimulator
		{28C9AE83-07F8-4C13-9A0F-8315E43E00C5}.Release|iPhone.ActiveCfg = Release|iPhone
		{28C9AE83-07F8-4C13-9A0F-8315E43E00C5}.Release|iPhone.Build.0 = Release|iPhone
		{28C9AE83-07F8-4C13-9A0F-8315E43E00C5}.Release|iPhoneSimulator.ActiveCfg = Release|iPhoneSimulator
		{28C9AE83-07F8-4C13-9A0F-8315E43E00C5}.Release|iPhoneSimulator.Build.0 = Release|iPhoneSimulator
		{28C9AE83-07F8-4C13-9A0F-8315E43E00C5}.Trial|Any CPU.ActiveCfg = Debug|iPhoneSimulator
		{28C9AE83-07F8-4C13-9A0F-8315E43E00C5}.Trial|Any CPU.Build.0 = Debug|iPhoneSimulator
		{4474E753-0AC7-4616-8AC9-833B8EB53657}.Ad-Hoc|Any CPU.ActiveCfg = Release|Any CPU
		{4474E753-0AC7-4616-8AC9-833B8EB53657}.Ad-Hoc|Any CPU.Build.0 = Release|Any CPU
		{4474E753-0AC7-4616-8AC9-833B8EB53657}.Ad-Hoc|iPhone.ActiveCfg = Release|Any CPU
		{4474E753-0AC7-4616-8AC9-833B8EB53657}.Ad-Hoc|iPhone.Build.0 = Release|Any CPU
		{4474E753-0AC7-4616-8AC9-833B8EB53657}.Ad-Hoc|iPhoneSimulator.ActiveCfg = Release|Any CPU
		{4474E753-0AC7-4616-8AC9-833B8EB53657}.Ad-Hoc|iPhoneSimulator.Build.0 = Release|Any CPU
		{4474E753-0AC7-4616-8AC9-833B8EB53657}.AppStore|Any CPU.ActiveCfg = Release|Any CPU
		{4474E753-0AC7-4616-8AC9-833B8EB53657}.AppStore|Any CPU.Build.0 = Release|Any CPU
		{4474E753-0AC7-4616-8AC9-833B8EB53657}.AppStore|iPhone.ActiveCfg = Release|Any CPU
		{4474E753-0AC7-4616-8AC9-833B8EB53657}.AppStore|iPhone.Build.0 = Release|Any CPU
		{4474E753-0AC7-4616-8AC9-833B8EB53657}.AppStore|iPhoneSimulator.ActiveCfg = Release|Any CPU
		{4474E753-0AC7-4616-8AC9-833B8EB53657}.AppStore|iPhoneSimulator.Build.0 = Release|Any CPU
		{4474E753-0AC7-4616-8AC9-833B8EB53657}.Debug|Any CPU.ActiveCfg = Debug|Any CPU
		{4474E753-0AC7-4616-8AC9-833B8EB53657}.Debug|Any CPU.Build.0 = Debug|Any CPU
		{4474E753-0AC7-4616-8AC9-833B8EB53657}.Debug|iPhone.ActiveCfg = Debug|Any CPU
		{4474E753-0AC7-4616-8AC9-833B8EB53657}.Debug|iPhone.Build.0 = Debug|Any CPU
		{4474E753-0AC7-4616-8AC9-833B8EB53657}.Debug|iPhoneSimulator.ActiveCfg = Debug|Any CPU
		{4474E753-0AC7-4616-8AC9-833B8EB53657}.Debug|iPhoneSimulator.Build.0 = Debug|Any CPU
		{4474E753-0AC7-4616-8AC9-833B8EB53657}.Release|Any CPU.ActiveCfg = Release|Any CPU
		{4474E753-0AC7-4616-8AC9-833B8EB53657}.Release|Any CPU.Build.0 = Release|Any CPU
		{4474E753-0AC7-4616-8AC9-833B8EB53657}.Release|iPhone.ActiveCfg = Release|Any CPU
		{4474E753-0AC7-4616-8AC9-833B8EB53657}.Release|iPhone.Build.0 = Release|Any CPU
		{4474E753-0AC7-4616-8AC9-833B8EB53657}.Release|iPhoneSimulator.ActiveCfg = Release|Any CPU
		{4474E753-0AC7-4616-8AC9-833B8EB53657}.Release|iPhoneSimulator.Build.0 = Release|Any CPU
		{4474E753-0AC7-4616-8AC9-833B8EB53657}.Trial|Any CPU.ActiveCfg = Trial|Any CPU
		{4474E753-0AC7-4616-8AC9-833B8EB53657}.Trial|Any CPU.Build.0 = Trial|Any CPU
		{4A3E0A64-CDD7-4255-90FB-733C4B343E90}.Ad-Hoc|Any CPU.ActiveCfg = Release|Any CPU
		{4A3E0A64-CDD7-4255-90FB-733C4B343E90}.Ad-Hoc|iPhone.ActiveCfg = Debug|Any CPU
		{4A3E0A64-CDD7-4255-90FB-733C4B343E90}.Ad-Hoc|iPhone.Build.0 = Debug|Any CPU
		{4A3E0A64-CDD7-4255-90FB-733C4B343E90}.Ad-Hoc|iPhoneSimulator.ActiveCfg = Release|Any CPU
		{4A3E0A64-CDD7-4255-90FB-733C4B343E90}.AppStore|Any CPU.ActiveCfg = Release|Any CPU
		{4A3E0A64-CDD7-4255-90FB-733C4B343E90}.AppStore|iPhone.ActiveCfg = Debug|Any CPU
		{4A3E0A64-CDD7-4255-90FB-733C4B343E90}.AppStore|iPhone.Build.0 = Debug|Any CPU
		{4A3E0A64-CDD7-4255-90FB-733C4B343E90}.AppStore|iPhoneSimulator.ActiveCfg = Release|Any CPU
		{4A3E0A64-CDD7-4255-90FB-733C4B343E90}.Debug|Any CPU.ActiveCfg = Debug|Any CPU
		{4A3E0A64-CDD7-4255-90FB-733C4B343E90}.Debug|Any CPU.Build.0 = Debug|Any CPU
		{4A3E0A64-CDD7-4255-90FB-733C4B343E90}.Debug|Any CPU.Deploy.0 = Debug|Any CPU
		{4A3E0A64-CDD7-4255-90FB-733C4B343E90}.Debug|iPhone.ActiveCfg = Debug|Any CPU
		{4A3E0A64-CDD7-4255-90FB-733C4B343E90}.Debug|iPhone.Build.0 = Debug|Any CPU
		{4A3E0A64-CDD7-4255-90FB-733C4B343E90}.Debug|iPhoneSimulator.ActiveCfg = Debug|Any CPU
		{4A3E0A64-CDD7-4255-90FB-733C4B343E90}.Debug|iPhoneSimulator.Build.0 = Debug|Any CPU
		{4A3E0A64-CDD7-4255-90FB-733C4B343E90}.Release|Any CPU.ActiveCfg = Release|Any CPU
		{4A3E0A64-CDD7-4255-90FB-733C4B343E90}.Release|Any CPU.Build.0 = Release|Any CPU
		{4A3E0A64-CDD7-4255-90FB-733C4B343E90}.Release|iPhone.ActiveCfg = Release|Any CPU
		{4A3E0A64-CDD7-4255-90FB-733C4B343E90}.Release|iPhone.Build.0 = Release|Any CPU
		{4A3E0A64-CDD7-4255-90FB-733C4B343E90}.Release|iPhoneSimulator.ActiveCfg = Release|Any CPU
		{4A3E0A64-CDD7-4255-90FB-733C4B343E90}.Release|iPhoneSimulator.Build.0 = Release|Any CPU
		{4A3E0A64-CDD7-4255-90FB-733C4B343E90}.Trial|Any CPU.ActiveCfg = Debug|Any CPU
		{4A3E0A64-CDD7-4255-90FB-733C4B343E90}.Trial|Any CPU.Build.0 = Debug|Any CPU
		{5145F08E-05FA-4560-9CB3-4E81508596FC}.Ad-Hoc|Any CPU.ActiveCfg = Debug|Any CPU
		{5145F08E-05FA-4560-9CB3-4E81508596FC}.Ad-Hoc|iPhone.ActiveCfg = Release|Any CPU
		{5145F08E-05FA-4560-9CB3-4E81508596FC}.Ad-Hoc|iPhone.Build.0 = Release|Any CPU
		{5145F08E-05FA-4560-9CB3-4E81508596FC}.Ad-Hoc|iPhoneSimulator.ActiveCfg = Debug|Any CPU
		{5145F08E-05FA-4560-9CB3-4E81508596FC}.AppStore|Any CPU.ActiveCfg = Debug|Any CPU
		{5145F08E-05FA-4560-9CB3-4E81508596FC}.AppStore|iPhone.ActiveCfg = Release|Any CPU
		{5145F08E-05FA-4560-9CB3-4E81508596FC}.AppStore|iPhone.Build.0 = Release|Any CPU
		{5145F08E-05FA-4560-9CB3-4E81508596FC}.AppStore|iPhoneSimulator.ActiveCfg = Debug|Any CPU
		{5145F08E-05FA-4560-9CB3-4E81508596FC}.Debug|Any CPU.ActiveCfg = Debug|Any CPU
		{5145F08E-05FA-4560-9CB3-4E81508596FC}.Debug|Any CPU.Build.0 = Debug|Any CPU
		{5145F08E-05FA-4560-9CB3-4E81508596FC}.Debug|Any CPU.Deploy.0 = Debug|Any CPU
		{5145F08E-05FA-4560-9CB3-4E81508596FC}.Debug|iPhone.ActiveCfg = Debug|Any CPU
		{5145F08E-05FA-4560-9CB3-4E81508596FC}.Debug|iPhone.Build.0 = Debug|Any CPU
		{5145F08E-05FA-4560-9CB3-4E81508596FC}.Debug|iPhoneSimulator.ActiveCfg = Debug|Any CPU
		{5145F08E-05FA-4560-9CB3-4E81508596FC}.Debug|iPhoneSimulator.Build.0 = Debug|Any CPU
		{5145F08E-05FA-4560-9CB3-4E81508596FC}.Release|Any CPU.ActiveCfg = Release|Any CPU
		{5145F08E-05FA-4560-9CB3-4E81508596FC}.Release|Any CPU.Build.0 = Release|Any CPU
		{5145F08E-05FA-4560-9CB3-4E81508596FC}.Release|iPhone.ActiveCfg = Release|Any CPU
		{5145F08E-05FA-4560-9CB3-4E81508596FC}.Release|iPhone.Build.0 = Release|Any CPU
		{5145F08E-05FA-4560-9CB3-4E81508596FC}.Release|iPhoneSimulator.ActiveCfg = Release|Any CPU
		{5145F08E-05FA-4560-9CB3-4E81508596FC}.Release|iPhoneSimulator.Build.0 = Release|Any CPU
		{5145F08E-05FA-4560-9CB3-4E81508596FC}.Trial|Any CPU.ActiveCfg = Debug|Any CPU
		{5145F08E-05FA-4560-9CB3-4E81508596FC}.Trial|Any CPU.Build.0 = Debug|Any CPU
		{54100CBB-5172-49F8-A2DB-6DA2AFDDB73F}.Ad-Hoc|Any CPU.ActiveCfg = Release|Any CPU
		{54100CBB-5172-49F8-A2DB-6DA2AFDDB73F}.Ad-Hoc|iPhone.ActiveCfg = Debug|Any CPU
		{54100CBB-5172-49F8-A2DB-6DA2AFDDB73F}.Ad-Hoc|iPhone.Build.0 = Debug|Any CPU
		{54100CBB-5172-49F8-A2DB-6DA2AFDDB73F}.Ad-Hoc|iPhoneSimulator.ActiveCfg = Release|Any CPU
		{54100CBB-5172-49F8-A2DB-6DA2AFDDB73F}.AppStore|Any CPU.ActiveCfg = Release|Any CPU
		{54100CBB-5172-49F8-A2DB-6DA2AFDDB73F}.AppStore|iPhone.ActiveCfg = Debug|Any CPU
		{54100CBB-5172-49F8-A2DB-6DA2AFDDB73F}.AppStore|iPhone.Build.0 = Debug|Any CPU
		{54100CBB-5172-49F8-A2DB-6DA2AFDDB73F}.AppStore|iPhoneSimulator.ActiveCfg = Release|Any CPU
		{54100CBB-5172-49F8-A2DB-6DA2AFDDB73F}.Debug|Any CPU.ActiveCfg = Debug|Any CPU
		{54100CBB-5172-49F8-A2DB-6DA2AFDDB73F}.Debug|Any CPU.Build.0 = Debug|Any CPU
		{54100CBB-5172-49F8-A2DB-6DA2AFDDB73F}.Debug|iPhone.ActiveCfg = Debug|Any CPU
		{54100CBB-5172-49F8-A2DB-6DA2AFDDB73F}.Debug|iPhone.Build.0 = Debug|Any CPU
		{54100CBB-5172-49F8-A2DB-6DA2AFDDB73F}.Debug|iPhoneSimulator.ActiveCfg = Debug|Any CPU
		{54100CBB-5172-49F8-A2DB-6DA2AFDDB73F}.Debug|iPhoneSimulator.Build.0 = Debug|Any CPU
		{54100CBB-5172-49F8-A2DB-6DA2AFDDB73F}.Release|Any CPU.ActiveCfg = Release|Any CPU
		{54100CBB-5172-49F8-A2DB-6DA2AFDDB73F}.Release|Any CPU.Build.0 = Release|Any CPU
		{54100CBB-5172-49F8-A2DB-6DA2AFDDB73F}.Release|iPhone.ActiveCfg = Release|Any CPU
		{54100CBB-5172-49F8-A2DB-6DA2AFDDB73F}.Release|iPhone.Build.0 = Release|Any CPU
		{54100CBB-5172-49F8-A2DB-6DA2AFDDB73F}.Release|iPhoneSimulator.ActiveCfg = Release|Any CPU
		{54100CBB-5172-49F8-A2DB-6DA2AFDDB73F}.Release|iPhoneSimulator.Build.0 = Release|Any CPU
		{54100CBB-5172-49F8-A2DB-6DA2AFDDB73F}.Trial|Any CPU.ActiveCfg = Trial|Any CPU
		{54100CBB-5172-49F8-A2DB-6DA2AFDDB73F}.Trial|Any CPU.Build.0 = Trial|Any CPU
		{925578DB-5B5F-4F44-9842-6D565F37D58C}.Ad-Hoc|Any CPU.ActiveCfg = Ad-Hoc|iPhone
		{925578DB-5B5F-4F44-9842-6D565F37D58C}.Ad-Hoc|iPhone.ActiveCfg = Ad-Hoc|iPhone
		{925578DB-5B5F-4F44-9842-6D565F37D58C}.Ad-Hoc|iPhone.Build.0 = Ad-Hoc|iPhone
		{925578DB-5B5F-4F44-9842-6D565F37D58C}.Ad-Hoc|iPhoneSimulator.ActiveCfg = Ad-Hoc|iPhone
		{925578DB-5B5F-4F44-9842-6D565F37D58C}.AppStore|Any CPU.ActiveCfg = AppStore|iPhone
		{925578DB-5B5F-4F44-9842-6D565F37D58C}.AppStore|iPhone.ActiveCfg = AppStore|iPhone
		{925578DB-5B5F-4F44-9842-6D565F37D58C}.AppStore|iPhone.Build.0 = AppStore|iPhone
		{925578DB-5B5F-4F44-9842-6D565F37D58C}.AppStore|iPhoneSimulator.ActiveCfg = AppStore|iPhone
		{925578DB-5B5F-4F44-9842-6D565F37D58C}.Debug|Any CPU.ActiveCfg = Debug|iPhone
		{925578DB-5B5F-4F44-9842-6D565F37D58C}.Debug|Any CPU.Build.0 = Debug|iPhone
		{925578DB-5B5F-4F44-9842-6D565F37D58C}.Debug|iPhone.ActiveCfg = Debug|iPhone
		{925578DB-5B5F-4F44-9842-6D565F37D58C}.Debug|iPhone.Build.0 = Debug|iPhone
		{925578DB-5B5F-4F44-9842-6D565F37D58C}.Debug|iPhoneSimulator.ActiveCfg = Debug|iPhoneSimulator
		{925578DB-5B5F-4F44-9842-6D565F37D58C}.Debug|iPhoneSimulator.Build.0 = Debug|iPhoneSimulator
		{925578DB-5B5F-4F44-9842-6D565F37D58C}.Release|Any CPU.ActiveCfg = Release|iPhoneSimulator
		{925578DB-5B5F-4F44-9842-6D565F37D58C}.Release|Any CPU.Build.0 = Release|iPhoneSimulator
		{925578DB-5B5F-4F44-9842-6D565F37D58C}.Release|iPhone.ActiveCfg = Release|iPhone
		{925578DB-5B5F-4F44-9842-6D565F37D58C}.Release|iPhone.Build.0 = Release|iPhone
		{925578DB-5B5F-4F44-9842-6D565F37D58C}.Release|iPhoneSimulator.ActiveCfg = Release|iPhoneSimulator
		{925578DB-5B5F-4F44-9842-6D565F37D58C}.Release|iPhoneSimulator.Build.0 = Release|iPhoneSimulator
		{925578DB-5B5F-4F44-9842-6D565F37D58C}.Trial|Any CPU.ActiveCfg = Debug|iPhoneSimulator
		{925578DB-5B5F-4F44-9842-6D565F37D58C}.Trial|Any CPU.Build.0 = Debug|iPhoneSimulator
		{B7896132-F0D8-4D8C-8540-69521C3A8D77}.Ad-Hoc|Any CPU.ActiveCfg = Debug|Any CPU
		{B7896132-F0D8-4D8C-8540-69521C3A8D77}.Ad-Hoc|iPhone.ActiveCfg = Release|Any CPU
		{B7896132-F0D8-4D8C-8540-69521C3A8D77}.Ad-Hoc|iPhone.Build.0 = Release|Any CPU
		{B7896132-F0D8-4D8C-8540-69521C3A8D77}.Ad-Hoc|iPhoneSimulator.ActiveCfg = Debug|Any CPU
		{B7896132-F0D8-4D8C-8540-69521C3A8D77}.AppStore|Any CPU.ActiveCfg = Debug|Any CPU
		{B7896132-F0D8-4D8C-8540-69521C3A8D77}.AppStore|iPhone.ActiveCfg = Release|Any CPU
		{B7896132-F0D8-4D8C-8540-69521C3A8D77}.AppStore|iPhone.Build.0 = Release|Any CPU
		{B7896132-F0D8-4D8C-8540-69521C3A8D77}.AppStore|iPhoneSimulator.ActiveCfg = Debug|Any CPU
		{B7896132-F0D8-4D8C-8540-69521C3A8D77}.Debug|Any CPU.ActiveCfg = Debug|Any CPU
		{B7896132-F0D8-4D8C-8540-69521C3A8D77}.Debug|Any CPU.Build.0 = Debug|Any CPU
		{B7896132-F0D8-4D8C-8540-69521C3A8D77}.Debug|iPhone.ActiveCfg = Debug|Any CPU
		{B7896132-F0D8-4D8C-8540-69521C3A8D77}.Debug|iPhone.Build.0 = Debug|Any CPU
		{B7896132-F0D8-4D8C-8540-69521C3A8D77}.Debug|iPhoneSimulator.ActiveCfg = Debug|Any CPU
		{B7896132-F0D8-4D8C-8540-69521C3A8D77}.Debug|iPhoneSimulator.Build.0 = Debug|Any CPU
		{B7896132-F0D8-4D8C-8540-69521C3A8D77}.Release|Any CPU.ActiveCfg = Release|Any CPU
		{B7896132-F0D8-4D8C-8540-69521C3A8D77}.Release|Any CPU.Build.0 = Release|Any CPU
		{B7896132-F0D8-4D8C-8540-69521C3A8D77}.Release|iPhone.ActiveCfg = Release|Any CPU
		{B7896132-F0D8-4D8C-8540-69521C3A8D77}.Release|iPhone.Build.0 = Release|Any CPU
		{B7896132-F0D8-4D8C-8540-69521C3A8D77}.Release|iPhoneSimulator.ActiveCfg = Release|Any CPU
		{B7896132-F0D8-4D8C-8540-69521C3A8D77}.Release|iPhoneSimulator.Build.0 = Release|Any CPU
		{B7896132-F0D8-4D8C-8540-69521C3A8D77}.Trial|Any CPU.ActiveCfg = Trial|Any CPU
		{B7896132-F0D8-4D8C-8540-69521C3A8D77}.Trial|Any CPU.Build.0 = Trial|Any CPU
		{DC2005BE-9E6D-426A-B914-FD6AEB0DCAE3}.Ad-Hoc|Any CPU.ActiveCfg = Release|Any CPU
		{DC2005BE-9E6D-426A-B914-FD6AEB0DCAE3}.Ad-Hoc|iPhone.ActiveCfg = Debug|Any CPU
		{DC2005BE-9E6D-426A-B914-FD6AEB0DCAE3}.Ad-Hoc|iPhone.Build.0 = Debug|Any CPU
		{DC2005BE-9E6D-426A-B914-FD6AEB0DCAE3}.Ad-Hoc|iPhoneSimulator.ActiveCfg = Release|Any CPU
		{DC2005BE-9E6D-426A-B914-FD6AEB0DCAE3}.AppStore|Any CPU.ActiveCfg = Release|Any CPU
		{DC2005BE-9E6D-426A-B914-FD6AEB0DCAE3}.AppStore|iPhone.ActiveCfg = Debug|Any CPU
		{DC2005BE-9E6D-426A-B914-FD6AEB0DCAE3}.AppStore|iPhone.Build.0 = Debug|Any CPU
		{DC2005BE-9E6D-426A-B914-FD6AEB0DCAE3}.AppStore|iPhoneSimulator.ActiveCfg = Release|Any CPU
		{DC2005BE-9E6D-426A-B914-FD6AEB0DCAE3}.Debug|Any CPU.ActiveCfg = Debug|Any CPU
		{DC2005BE-9E6D-426A-B914-FD6AEB0DCAE3}.Debug|Any CPU.Build.0 = Debug|Any CPU
		{DC2005BE-9E6D-426A-B914-FD6AEB0DCAE3}.Debug|iPhone.ActiveCfg = Debug|Any CPU
		{DC2005BE-9E6D-426A-B914-FD6AEB0DCAE3}.Debug|iPhone.Build.0 = Debug|Any CPU
		{DC2005BE-9E6D-426A-B914-FD6AEB0DCAE3}.Debug|iPhoneSimulator.ActiveCfg = Debug|Any CPU
		{DC2005BE-9E6D-426A-B914-FD6AEB0DCAE3}.Debug|iPhoneSimulator.Build.0 = Debug|Any CPU
		{DC2005BE-9E6D-426A-B914-FD6AEB0DCAE3}.Release|Any CPU.ActiveCfg = Release|Any CPU
		{DC2005BE-9E6D-426A-B914-FD6AEB0DCAE3}.Release|Any CPU.Build.0 = Release|Any CPU
		{DC2005BE-9E6D-426A-B914-FD6AEB0DCAE3}.Release|iPhone.ActiveCfg = Release|Any CPU
		{DC2005BE-9E6D-426A-B914-FD6AEB0DCAE3}.Release|iPhone.Build.0 = Release|Any CPU
		{DC2005BE-9E6D-426A-B914-FD6AEB0DCAE3}.Release|iPhoneSimulator.ActiveCfg = Release|Any CPU
		{DC2005BE-9E6D-426A-B914-FD6AEB0DCAE3}.Release|iPhoneSimulator.Build.0 = Release|Any CPU
		{DC2005BE-9E6D-426A-B914-FD6AEB0DCAE3}.Trial|Any CPU.ActiveCfg = Trial|Any CPU
		{DC2005BE-9E6D-426A-B914-FD6AEB0DCAE3}.Trial|Any CPU.Build.0 = Trial|Any CPU
		{E1CCE1FE-3C68-4BB9-9BA8-F22A07D039ED}.Ad-Hoc|Any CPU.ActiveCfg = Release|Any CPU
		{E1CCE1FE-3C68-4BB9-9BA8-F22A07D039ED}.Ad-Hoc|iPhone.ActiveCfg = Debug|Any CPU
		{E1CCE1FE-3C68-4BB9-9BA8-F22A07D039ED}.Ad-Hoc|iPhone.Build.0 = Debug|Any CPU
		{E1CCE1FE-3C68-4BB9-9BA8-F22A07D039ED}.Ad-Hoc|iPhoneSimulator.ActiveCfg = Release|Any CPU
		{E1CCE1FE-3C68-4BB9-9BA8-F22A07D039ED}.AppStore|Any CPU.ActiveCfg = Release|Any CPU
		{E1CCE1FE-3C68-4BB9-9BA8-F22A07D039ED}.AppStore|iPhone.ActiveCfg = Debug|Any CPU
		{E1CCE1FE-3C68-4BB9-9BA8-F22A07D039ED}.AppStore|iPhone.Build.0 = Debug|Any CPU
		{E1CCE1FE-3C68-4BB9-9BA8-F22A07D039ED}.AppStore|iPhoneSimulator.ActiveCfg = Release|Any CPU
		{E1CCE1FE-3C68-4BB9-9BA8-F22A07D039ED}.Debug|Any CPU.ActiveCfg = Debug|Any CPU
		{E1CCE1FE-3C68-4BB9-9BA8-F22A07D039ED}.Debug|Any CPU.Build.0 = Debug|Any CPU
		{E1CCE1FE-3C68-4BB9-9BA8-F22A07D039ED}.Debug|iPhone.ActiveCfg = Debug|Any CPU
		{E1CCE1FE-3C68-4BB9-9BA8-F22A07D039ED}.Debug|iPhone.Build.0 = Debug|Any CPU
		{E1CCE1FE-3C68-4BB9-9BA8-F22A07D039ED}.Debug|iPhoneSimulator.ActiveCfg = Debug|Any CPU
		{E1CCE1FE-3C68-4BB9-9BA8-F22A07D039ED}.Debug|iPhoneSimulator.Build.0 = Debug|Any CPU
		{E1CCE1FE-3C68-4BB9-9BA8-F22A07D039ED}.Release|Any CPU.ActiveCfg = Release|Any CPU
		{E1CCE1FE-3C68-4BB9-9BA8-F22A07D039ED}.Release|Any CPU.Build.0 = Release|Any CPU
		{E1CCE1FE-3C68-4BB9-9BA8-F22A07D039ED}.Release|iPhone.ActiveCfg = Release|Any CPU
		{E1CCE1FE-3C68-4BB9-9BA8-F22A07D039ED}.Release|iPhone.Build.0 = Release|Any CPU
		{E1CCE1FE-3C68-4BB9-9BA8-F22A07D039ED}.Release|iPhoneSimulator.ActiveCfg = Release|Any CPU
		{E1CCE1FE-3C68-4BB9-9BA8-F22A07D039ED}.Release|iPhoneSimulator.Build.0 = Release|Any CPU
		{E1CCE1FE-3C68-4BB9-9BA8-F22A07D039ED}.Trial|Any CPU.ActiveCfg = Debug|Any CPU
		{E1CCE1FE-3C68-4BB9-9BA8-F22A07D039ED}.Trial|Any CPU.Build.0 = Debug|Any CPU
	EndGlobalSection
	GlobalSection(SolutionProperties) = preSolution
		HideSolutionNode = FALSE
	EndGlobalSection
EndGlobal
